{
 "concrete_specs": {
  "mancsvwqvj3qwlsmslzhwjth67uahox4": {
   "nasm": {
    "version": "2.14.02",
    "arch": {
     "platform": "linux",
     "platform_os": "rhel7",
     "target": {
      "name": "haswell",
      "vendor": "GenuineIntel",
      "features": [
       "aes",
       "avx",
       "avx2",
       "bmi1",
       "bmi2",
       "f16c",
       "fma",
       "mmx",
       "movbe",
       "pclmulqdq",
       "popcnt",
       "rdrand",
       "sse",
       "sse2",
       "sse4_1",
       "sse4_2",
       "ssse3"
      ],
      "generation": 0,
      "parents": [
       "ivybridge"
      ]
     }
    },
    "compiler": {
     "name": "gcc",
     "version": "4.8.5"
    },
    "namespace": "builtin",
    "parameters": {
     "cflags": [],
     "cppflags": [],
     "cxxflags": [],
     "fflags": [],
     "ldflags": [],
     "ldlibs": []
    },
    "hash": "mancsvwqvj3qwlsmslzhwjth67uahox4"
   }
  },
  "icrdv5hixqccvmd2xhkjnvz3b6cprrcb": {
   "libgrib1": {
    "version": "2019-11-22",
    "arch": {
     "platform": "linux",
     "platform_os": "rhel7",
     "target": {
      "name": "haswell",
      "vendor": "GenuineIntel",
      "features": [
       "aes",
       "avx",
       "avx2",
       "bmi1",
       "bmi2",
       "f16c",
       "fma",
       "mmx",
       "movbe",
       "pclmulqdq",
       "popcnt",
       "rdrand",
       "sse",
       "sse2",
       "sse4_1",
       "sse4_2",
       "ssse3"
      ],
      "generation": 0,
      "parents": [
       "ivybridge"
      ]
     }
    },
    "compiler": {
     "name": "gcc",
     "version": "4.8.5"
    },
    "namespace": "mch",
    "parameters": {
     "cflags": [],
     "cppflags": [],
     "cxxflags": [],
     "fflags": [],
     "ldflags": [],
     "ldlibs": []
    },
    "hash": "icrdv5hixqccvmd2xhkjnvz3b6cprrcb"
   }
  },
  "c7in6hiwguautq7ramsb2nwgcvabz3wx": {
   "libgrib1": {
    "version": "2019-11-22",
    "arch": {
     "platform": "linux",
     "platform_os": "rhel7",
     "target": {
      "name": "haswell",
      "vendor": "GenuineIntel",
      "features": [
       "aes",
       "avx",
       "avx2",
       "bmi1",
       "bmi2",
       "f16c",
       "fma",
       "mmx",
       "movbe",
       "pclmulqdq",
       "popcnt",
       "rdrand",
       "sse",
       "sse2",
       "sse4_1",
       "sse4_2",
       "ssse3"
      ],
      "generation": 0,
      "parents": [
       "ivybridge"
      ]
     }
    },
    "compiler": {
     "name": "gcc",
     "version": "4.8.5"
    },
    "namespace": "mch",
    "parameters": {
     "cflags": [],
     "cppflags": [],
     "cxxflags": [],
     "fflags": [],
     "ldflags": [],
     "ldlibs": []
    },
    "dependencies": {
     "openmpi": {
      "hash": "fhv47fpxzycjoihonhyov6rzrggr5wrw",
      "type": [
       "build",
       "link"
      ]
     }
    },
    "hash": "75wou44prkmuwyzzpuev4kj7rbf564q7"
   }
  },
  "vktloxbcjdsva6plovmmhvwlqhshcdcg": {
   "openjpeg": {
    "version": "1.5.2",
    "arch": {
     "platform": "linux",
     "platform_os": "rhel7",
     "target": {
      "name": "haswell",
      "vendor": "GenuineIntel",
      "features": [
       "aes",
       "avx",
       "avx2",
       "bmi1",
       "bmi2",
       "f16c",
       "fma",
       "mmx",
       "movbe",
       "pclmulqdq",
       "popcnt",
       "rdrand",
       "sse",
       "sse2",
       "sse4_1",
       "sse4_2",
       "ssse3"
      ],
      "generation": 0,
      "parents": [
       "ivybridge"
      ]
     }
    },
    "compiler": {
     "name": "gcc",
     "version": "4.8.5"
    },
    "namespace": "builtin",
    "parameters": {
     "build_type": "RelWithDebInfo",
     "cflags": [],
     "cppflags": [],
     "cxxflags": [],
     "fflags": [],
     "ldflags": [],
     "ldlibs": []
    },
    "dependencies": {
     "cmake": {
      "hash": "zdpj3kg7cjrobvdbdqqnokt5nn3g266s",
      "type": [
       "build"
      ]
     },
     "zlib": {
      "hash": "zolwez4onex3iueybyju2zi55njtdg5d",
      "type": [
       "build",
       "link"
      ]
     }
    },
    "hash": "kcmv3e4qxlarj6rivrxhqbdr3o325w2b"
   }
  },
  "oqak6dhv5zjxjo4z7ctcmmb3oaz74fml": {
   "pkgconf": {
    "version": "1.6.3",
    "arch": {
     "platform": "linux",
     "platform_os": "rhel7",
     "target": {
      "name": "haswell",
      "vendor": "GenuineIntel",
      "features": [
       "aes",
       "avx",
       "avx2",
       "bmi1",
       "bmi2",
       "f16c",
       "fma",
       "mmx",
       "movbe",
       "pclmulqdq",
       "popcnt",
       "rdrand",
       "sse",
       "sse2",
       "sse4_1",
       "sse4_2",
       "ssse3"
      ],
      "generation": 0,
      "parents": [
       "ivybridge"
      ]
     }
    },
    "compiler": {
     "name": "gcc",
     "version": "4.8.5"
    },
    "namespace": "builtin",
    "parameters": {
     "cflags": [],
     "cppflags": [],
     "cxxflags": [],
     "fflags": [],
     "ldflags": [],
     "ldlibs": []
    },
    "hash": "oqak6dhv5zjxjo4z7ctcmmb3oaz74fml"
   }
  },
  "xcmzb6amddii7iat3lrfs3r6lnvevaf6": {
   "libiconv": {
    "version": "1.16",
    "arch": {
     "platform": "linux",
     "platform_os": "rhel7",
     "target": {
      "name": "haswell",
      "vendor": "GenuineIntel",
      "features": [
       "aes",
       "avx",
       "avx2",
       "bmi1",
       "bmi2",
       "f16c",
       "fma",
       "mmx",
       "movbe",
       "pclmulqdq",
       "popcnt",
       "rdrand",
       "sse",
       "sse2",
       "sse4_1",
       "sse4_2",
       "ssse3"
      ],
      "generation": 0,
      "parents": [
       "ivybridge"
      ]
     }
    },
    "compiler": {
     "name": "gcc",
     "version": "4.8.5"
    },
    "namespace": "builtin",
    "parameters": {
     "cflags": [],
     "cppflags": [],
     "cxxflags": [],
     "fflags": [],
     "ldflags": [],
     "ldlibs": []
    },
    "hash": "xcmzb6amddii7iat3lrfs3r6lnvevaf6"
   }
  },
  "6u36ruqbabrtsgwfqnlctktzk2kn6p5d": {
   "libpciaccess": {
    "version": "0.13.5",
    "arch": {
     "platform": "linux",
     "platform_os": "rhel7",
     "target": {
      "name": "haswell",
      "vendor": "GenuineIntel",
      "features": [
       "aes",
       "avx",
       "avx2",
       "bmi1",
       "bmi2",
       "f16c",
       "fma",
       "mmx",
       "movbe",
       "pclmulqdq",
       "popcnt",
       "rdrand",
       "sse",
       "sse2",
       "sse4_1",
       "sse4_2",
       "ssse3"
      ],
      "generation": 0,
      "parents": [
       "ivybridge"
      ]
     }
    },
    "compiler": {
     "name": "gcc",
     "version": "4.8.5"
    },
    "namespace": "builtin",
    "parameters": {
     "cflags": [],
     "cppflags": [],
     "cxxflags": [],
     "fflags": [],
     "ldflags": [],
     "ldlibs": []
    },
    "dependencies": {
     "libtool": {
      "hash": "tl4n2mqlsrzlg7a4f4mmdrfnh3mdnbaq",
      "type": [
       "build"
      ]
     },
     "pkgconf": {
      "hash": "oqak6dhv5zjxjo4z7ctcmmb3oaz74fml",
      "type": [
       "build"
      ]
     },
     "util-macros": {
      "hash": "s4xjvopiof6s33nklexx73j5pudevhev",
      "type": [
       "build"
      ]
     }
    },
    "hash": "cavw42zkgyjvg7htqq7bx3ezb5kqwuxx"
   }
  },
  "fhv47fpxzycjoihonhyov6rzrggr5wrw": {
   "openmpi": {
    "version": "3.1.4",
    "arch": {
     "platform": "linux",
     "platform_os": "rhel7",
     "target": {
      "name": "haswell",
      "vendor": "GenuineIntel",
      "features": [
       "aes",
       "avx",
       "avx2",
       "bmi1",
       "bmi2",
       "f16c",
       "fma",
       "mmx",
       "movbe",
       "pclmulqdq",
       "popcnt",
       "rdrand",
       "sse",
       "sse2",
       "sse4_1",
       "sse4_2",
       "ssse3"
      ],
      "generation": 0,
      "parents": [
       "ivybridge"
      ]
     }
    },
    "compiler": {
     "name": "gcc",
     "version": "4.8.5"
    },
    "namespace": "builtin",
    "parameters": {
     "cuda": false,
     "cxx_exceptions": true,
     "fabrics": [
      "none"
     ],
     "java": false,
     "legacylaunchers": false,
     "memchecker": false,
     "pmi": false,
     "schedulers": [
      "none"
     ],
     "sqlite3": false,
     "thread_multiple": false,
     "vt": true,
     "cflags": [],
     "cppflags": [],
     "cxxflags": [],
     "fflags": [],
     "ldflags": [],
     "ldlibs": []
    },
    "dependencies": {
     "hwloc": {
      "hash": "5ikrhizngnvmn7svqude5lrup4crfpoe",
      "type": [
       "build",
       "link"
      ]
     },
     "numactl": {
      "hash": "jlr2jzfiddfqmloh3t6x4kgjmmafnlqi",
      "type": [
       "build",
       "link"
      ]
     },
     "zlib": {
      "hash": "zolwez4onex3iueybyju2zi55njtdg5d",
      "type": [
       "build",
       "link"
      ]
     }
    },
    "hash": "zqmnmrp5m7ct7zldgcge7pzsr76pzusi"
   }
  },
  "iinizdcupbqewvi766gd5k2sfg4tvej2": {
   "gdbm": {
    "version": "1.18.1",
    "arch": {
     "platform": "linux",
     "platform_os": "rhel7",
     "target": {
      "name": "haswell",
      "vendor": "GenuineIntel",
      "features": [
       "aes",
       "avx",
       "avx2",
       "bmi1",
       "bmi2",
       "f16c",
       "fma",
       "mmx",
       "movbe",
       "pclmulqdq",
       "popcnt",
       "rdrand",
       "sse",
       "sse2",
       "sse4_1",
       "sse4_2",
       "ssse3"
      ],
      "generation": 0,
      "parents": [
       "ivybridge"
      ]
     }
    },
    "compiler": {
     "name": "gcc",
     "version": "4.8.5"
    },
    "namespace": "builtin",
    "parameters": {
     "cflags": [],
     "cppflags": [],
     "cxxflags": [],
     "fflags": [],
     "ldflags": [],
     "ldlibs": []
    },
    "dependencies": {
     "readline": {
      "hash": "co4mittdpxr7ubdqzfm22vtnigmz4dnj",
      "type": [
       "build",
       "link"
      ]
     }
    },
    "hash": "r4vohzuwp3gm3xrclzara3g26zcxv7bk"
   }
  },
  "zolwez4onex3iueybyju2zi55njtdg5d": {
   "zlib": {
    "version": "1.2.11",
    "arch": {
     "platform": "linux",
     "platform_os": "rhel7",
     "target": {
      "name": "haswell",
      "vendor": "GenuineIntel",
      "features": [
       "aes",
       "avx",
       "avx2",
       "bmi1",
       "bmi2",
       "f16c",
       "fma",
       "mmx",
       "movbe",
       "pclmulqdq",
       "popcnt",
       "rdrand",
       "sse",
       "sse2",
       "sse4_1",
       "sse4_2",
       "ssse3"
      ],
      "generation": 0,
      "parents": [
       "ivybridge"
      ]
     }
    },
    "compiler": {
     "name": "gcc",
     "version": "4.8.5"
    },
    "namespace": "builtin",
    "parameters": {
     "optimize": true,
     "pic": true,
     "shared": true,
     "cflags": [],
     "cppflags": [],
     "cxxflags": [],
     "fflags": [],
     "ldflags": [],
     "ldlibs": []
    },
    "hash": "zolwez4onex3iueybyju2zi55njtdg5d"
   }
  },
  "dbk6dcc2j5zqn5keweeq7ixrbjmc2yqf": {
   "cmake": {
    "version": "3.13.4",
    "arch": {
     "platform": "linux",
     "platform_os": "rhel7",
     "target": {
      "name": "haswell",
      "vendor": "GenuineIntel",
      "features": [
       "aes",
       "avx",
       "avx2",
       "bmi1",
       "bmi2",
       "f16c",
       "fma",
       "mmx",
       "movbe",
       "pclmulqdq",
       "popcnt",
       "rdrand",
       "sse",
       "sse2",
       "sse4_1",
       "sse4_2",
       "ssse3"
      ],
      "generation": 0,
      "parents": [
       "ivybridge"
      ]
     }
    },
    "compiler": {
     "name": "gcc",
     "version": "6.1.0"
    },
    "namespace": "builtin",
    "parameters": {
     "doc": false,
     "ncurses": true,
     "openssl": true,
     "ownlibs": true,
     "qt": false,
     "cflags": [],
     "cppflags": [],
     "cxxflags": [],
     "fflags": [],
     "ldflags": [],
     "ldlibs": []
    },
    "external": {
     "path": null,
     "module": "CMake/3.13.4"
    },
    "hash": "dbk6dcc2j5zqn5keweeq7ixrbjmc2yqf"
   }
  },
  "jvxi6w473gvybgxi3hweeopkqpmzuotk": {
   "ncurses": {
    "version": "6.1",
    "arch": {
     "platform": "linux",
     "platform_os": "rhel7",
     "target": {
      "name": "haswell",
      "vendor": "GenuineIntel",
      "features": [
       "aes",
       "avx",
       "avx2",
       "bmi1",
       "bmi2",
       "f16c",
       "fma",
       "mmx",
       "movbe",
       "pclmulqdq",
       "popcnt",
       "rdrand",
       "sse",
       "sse2",
       "sse4_1",
       "sse4_2",
       "ssse3"
      ],
      "generation": 0,
      "parents": [
       "ivybridge"
      ]
     }
    },
    "compiler": {
     "name": "gcc",
     "version": "4.8.5"
    },
    "namespace": "builtin",
    "parameters": {
     "symlinks": false,
     "termlib": false,
     "cflags": [],
     "cppflags": [],
     "cxxflags": [],
     "fflags": [],
     "ldflags": [],
     "ldlibs": []
    },
    "dependencies": {
     "pkgconf": {
      "hash": "oqak6dhv5zjxjo4z7ctcmmb3oaz74fml",
      "type": [
       "build"
      ]
     }
    },
    "hash": "3jjw2re5cwesx35yb5cvdhuiix7xg3ml"
   }
  },
  "s7o275sxgijj7m736dn4jb6vpku4edgn": {
   "pkgconf": {
    "version": "1.6.3",
    "arch": {
     "platform": "linux",
     "platform_os": "rhel7",
     "target": {
      "name": "haswell",
      "vendor": "GenuineIntel",
      "features": [
       "aes",
       "avx",
       "avx2",
       "bmi1",
       "bmi2",
       "f16c",
       "fma",
       "mmx",
       "movbe",
       "pclmulqdq",
       "popcnt",
       "rdrand",
       "sse",
       "sse2",
       "sse4_1",
       "sse4_2",
       "ssse3"
      ],
      "generation": 0,
      "parents": [
       "ivybridge"
      ]
     }
    },
    "compiler": {
     "name": "gcc",
     "version": "6.1.0"
    },
    "namespace": "builtin",
    "parameters": {
     "cflags": [],
     "cppflags": [],
     "cxxflags": [],
     "fflags": [],
     "ldflags": [],
     "ldlibs": []
    },
    "hash": "s7o275sxgijj7m736dn4jb6vpku4edgn"
   }
  },
  "s4xjvopiof6s33nklexx73j5pudevhev": {
   "util-macros": {
    "version": "1.19.1",
    "arch": {
     "platform": "linux",
     "platform_os": "rhel7",
     "target": {
      "name": "haswell",
      "vendor": "GenuineIntel",
      "features": [
       "aes",
       "avx",
       "avx2",
       "bmi1",
       "bmi2",
       "f16c",
       "fma",
       "mmx",
       "movbe",
       "pclmulqdq",
       "popcnt",
       "rdrand",
       "sse",
       "sse2",
       "sse4_1",
       "sse4_2",
       "ssse3"
      ],
      "generation": 0,
      "parents": [
       "ivybridge"
      ]
     }
    },
    "compiler": {
     "name": "gcc",
     "version": "4.8.5"
    },
    "namespace": "builtin",
    "parameters": {
     "cflags": [],
     "cppflags": [],
     "cxxflags": [],
     "fflags": [],
     "ldflags": [],
     "ldlibs": []
    },
    "hash": "s4xjvopiof6s33nklexx73j5pudevhev"
   }
  },
  "dipchcn74xoopvyndswuarta645filhn": {
   "m4": {
    "version": "1.4.18",
    "arch": {
     "platform": "linux",
     "platform_os": "rhel7",
     "target": {
      "name": "haswell",
      "vendor": "GenuineIntel",
      "features": [
       "aes",
       "avx",
       "avx2",
       "bmi1",
       "bmi2",
       "f16c",
       "fma",
       "mmx",
       "movbe",
       "pclmulqdq",
       "popcnt",
       "rdrand",
       "sse",
       "sse2",
       "sse4_1",
       "sse4_2",
       "ssse3"
      ],
      "generation": 0,
      "parents": [
       "ivybridge"
      ]
     }
    },
    "compiler": {
     "name": "gcc",
     "version": "4.8.5"
    },
    "namespace": "builtin",
    "parameters": {
     "patches": [
      "3877ab548f88597ab2327a2230ee048d2d07ace1062efe81fc92e91b7f39cd00",
      "fc9b61654a3ba1a8d6cd78ce087e7c96366c290bc8d2c299f09828d793b853c8"
     ],
     "sigsegv": true,
     "cflags": [],
     "cppflags": [],
     "cxxflags": [],
     "fflags": [],
     "ldflags": [],
     "ldlibs": []
    },
    "patches": [
     "3877ab548f88597ab2327a2230ee048d2d07ace1062efe81fc92e91b7f39cd00",
     "fc9b61654a3ba1a8d6cd78ce087e7c96366c290bc8d2c299f09828d793b853c8"
    ],
    "dependencies": {
     "libsigsegv": {
      "hash": "oywfhvkvhgt2ztw2ng7urnzbveijviwv",
      "type": [
       "build",
       "link"
      ]
     }
    },
    "hash": "dipchcn74xoopvyndswuarta645filhn"
   }
  },
  "jd7vmaddltnvyp3wpyxbiyg5rqkeqszx": {
   "openssl": {
    "version": "1.1.1d",
    "arch": {
     "platform": "linux",
     "platform_os": "rhel7",
     "target": {
      "name": "haswell",
      "vendor": "GenuineIntel",
      "features": [
       "aes",
       "avx",
       "avx2",
       "bmi1",
       "bmi2",
       "f16c",
       "fma",
       "mmx",
       "movbe",
       "pclmulqdq",
       "popcnt",
       "rdrand",
       "sse",
       "sse2",
       "sse4_1",
       "sse4_2",
       "ssse3"
      ],
      "generation": 0,
      "parents": [
       "ivybridge"
      ]
     }
    },
    "compiler": {
     "name": "gcc",
     "version": "4.8.5"
    },
    "namespace": "builtin",
    "parameters": {
     "systemcerts": true,
     "cflags": [],
     "cppflags": [],
     "cxxflags": [],
     "fflags": [],
     "ldflags": [],
     "ldlibs": []
    },
    "dependencies": {
     "perl": {
      "hash": "nyqsbycoluquqsccosfcfap4dkqk5uf4",
      "type": [
       "build",
       "test"
      ]
     },
     "zlib": {
      "hash": "zolwez4onex3iueybyju2zi55njtdg5d",
      "type": [
       "build",
       "link"
      ]
     }
    },
    "hash": "n7cifrcz4oktenixibundr52gipeeupx"
   }
  },
  "5ikrhizngnvmn7svqude5lrup4crfpoe": {
   "hwloc": {
    "version": "1.11.11",
    "arch": {
     "platform": "linux",
     "platform_os": "rhel7",
     "target": {
      "name": "haswell",
      "vendor": "GenuineIntel",
      "features": [
       "aes",
       "avx",
       "avx2",
       "bmi1",
       "bmi2",
       "f16c",
       "fma",
       "mmx",
       "movbe",
       "pclmulqdq",
       "popcnt",
       "rdrand",
       "sse",
       "sse2",
       "sse4_1",
       "sse4_2",
       "ssse3"
      ],
      "generation": 0,
      "parents": [
       "ivybridge"
      ]
     }
    },
    "compiler": {
     "name": "gcc",
     "version": "4.8.5"
    },
    "namespace": "builtin",
    "parameters": {
     "cairo": false,
     "cuda": false,
     "gl": false,
     "libxml2": true,
     "nvml": false,
     "pci": true,
     "shared": true,
     "cflags": [],
     "cppflags": [],
     "cxxflags": [],
     "fflags": [],
     "ldflags": [],
     "ldlibs": []
    },
    "dependencies": {
     "libpciaccess": {
      "hash": "6u36ruqbabrtsgwfqnlctktzk2kn6p5d",
      "type": [
       "build",
       "link"
      ]
     },
     "libxml2": {
      "hash": "rtnwyshnm7itjs7i6763kl35dx3muviu",
      "type": [
       "build",
       "link"
      ]
     },
     "numactl": {
      "hash": "jlr2jzfiddfqmloh3t6x4kgjmmafnlqi",
      "type": [
       "build",
       "link"
      ]
     },
     "pkgconf": {
      "hash": "oqak6dhv5zjxjo4z7ctcmmb3oaz74fml",
      "type": [
       "build"
      ]
     }
    },
    "hash": "faddaerdux35my7vu2ufhbb7tbo7qrdz"
   }
  },
  "jlr2jzfiddfqmloh3t6x4kgjmmafnlqi": {
   "numactl": {
    "version": "2.0.12",
    "arch": {
     "platform": "linux",
     "platform_os": "rhel7",
     "target": {
      "name": "haswell",
      "vendor": "GenuineIntel",
      "features": [
       "aes",
       "avx",
       "avx2",
       "bmi1",
       "bmi2",
       "f16c",
       "fma",
       "mmx",
       "movbe",
       "pclmulqdq",
       "popcnt",
       "rdrand",
       "sse",
       "sse2",
       "sse4_1",
       "sse4_2",
       "ssse3"
      ],
      "generation": 0,
      "parents": [
       "ivybridge"
      ]
     }
    },
    "compiler": {
     "name": "gcc",
     "version": "4.8.5"
    },
    "namespace": "builtin",
    "parameters": {
     "cflags": [],
     "cppflags": [],
     "cxxflags": [],
     "fflags": [],
     "ldflags": [],
     "ldlibs": []
    },
    "dependencies": {
     "autoconf": {
      "hash": "kpwbtqi3txckknr3lkx3qo7dg7r3x5vz",
      "type": [
       "build"
      ]
     },
     "automake": {
      "hash": "unow6syv2lwmbg4vacoxvscv6nvlp4wo",
      "type": [
       "build"
      ]
     },
     "libtool": {
      "hash": "tl4n2mqlsrzlg7a4f4mmdrfnh3mdnbaq",
      "type": [
       "build"
      ]
     },
     "m4": {
      "hash": "dipchcn74xoopvyndswuarta645filhn",
      "type": [
       "build"
      ]
     }
    },
    "hash": "ogalaqjcn4w6y3opvzr4cgghmxnvpvlh"
   }
  },
  "qkvj37fbwa6m2yjjngac6si3k2fl4fld": {
   "jasper": {
    "version": "2.0.14",
    "arch": {
     "platform": "linux",
     "platform_os": "rhel7",
     "target": {
      "name": "haswell",
      "vendor": "GenuineIntel",
      "features": [
       "aes",
       "avx",
       "avx2",
       "bmi1",
       "bmi2",
       "f16c",
       "fma",
       "mmx",
       "movbe",
       "pclmulqdq",
       "popcnt",
       "rdrand",
       "sse",
       "sse2",
       "sse4_1",
       "sse4_2",
       "ssse3"
      ],
      "generation": 0,
      "parents": [
       "ivybridge"
      ]
     }
    },
    "compiler": {
     "name": "gcc",
     "version": "4.8.5"
    },
    "namespace": "builtin",
    "parameters": {
     "build_type": "Release",
     "jpeg": true,
     "opengl": false,
     "shared": true,
     "cflags": [],
     "cppflags": [],
     "cxxflags": [],
     "fflags": [],
     "ldflags": [],
     "ldlibs": []
    },
    "dependencies": {
     "cmake": {
      "hash": "zdpj3kg7cjrobvdbdqqnokt5nn3g266s",
      "type": [
       "build"
      ]
     },
     "libjpeg-turbo": {
      "hash": "oaynmfs4dqbsv5ramsq34freof7s42uc",
      "type": [
       "build",
       "link"
      ]
     }
    },
    "hash": "ht26bp6yzw2k32dznc5r7egu76jxi7mx"
   }
  },
  "oywfhvkvhgt2ztw2ng7urnzbveijviwv": {
   "libsigsegv": {
    "version": "2.12",
    "arch": {
     "platform": "linux",
     "platform_os": "rhel7",
     "target": {
      "name": "haswell",
      "vendor": "GenuineIntel",
      "features": [
       "aes",
       "avx",
       "avx2",
       "bmi1",
       "bmi2",
       "f16c",
       "fma",
       "mmx",
       "movbe",
       "pclmulqdq",
       "popcnt",
       "rdrand",
       "sse",
       "sse2",
       "sse4_1",
       "sse4_2",
       "ssse3"
      ],
      "generation": 0,
      "parents": [
       "ivybridge"
      ]
     }
    },
    "compiler": {
     "name": "gcc",
     "version": "4.8.5"
    },
    "namespace": "builtin",
    "parameters": {
     "cflags": [],
     "cppflags": [],
     "cxxflags": [],
     "fflags": [],
     "ldflags": [],
     "ldlibs": []
    },
    "hash": "oywfhvkvhgt2ztw2ng7urnzbveijviwv"
   }
  },
  "tl4n2mqlsrzlg7a4f4mmdrfnh3mdnbaq": {
   "libtool": {
    "version": "2.4.6",
    "arch": {
     "platform": "linux",
     "platform_os": "rhel7",
     "target": {
      "name": "haswell",
      "vendor": "GenuineIntel",
      "features": [
       "aes",
       "avx",
       "avx2",
       "bmi1",
       "bmi2",
       "f16c",
       "fma",
       "mmx",
       "movbe",
       "pclmulqdq",
       "popcnt",
       "rdrand",
       "sse",
       "sse2",
       "sse4_1",
       "sse4_2",
       "ssse3"
      ],
      "generation": 0,
      "parents": [
       "ivybridge"
      ]
     }
    },
    "compiler": {
     "name": "gcc",
     "version": "4.8.5"
    },
    "namespace": "builtin",
    "parameters": {
     "cflags": [],
     "cppflags": [],
     "cxxflags": [],
     "fflags": [],
     "ldflags": [],
     "ldlibs": []
    },
    "dependencies": {
     "m4": {
      "hash": "dipchcn74xoopvyndswuarta645filhn",
      "type": [
       "build"
      ]
     }
    },
    "hash": "swiq7rt3vz5om25duvidbbleh5emdbb6"
   }
  },
  "nyqsbycoluquqsccosfcfap4dkqk5uf4": {
   "perl": {
    "version": "5.30.0",
    "arch": {
     "platform": "linux",
     "platform_os": "rhel7",
     "target": {
      "name": "haswell",
      "vendor": "GenuineIntel",
      "features": [
       "aes",
       "avx",
       "avx2",
       "bmi1",
       "bmi2",
       "f16c",
       "fma",
       "mmx",
       "movbe",
       "pclmulqdq",
       "popcnt",
       "rdrand",
       "sse",
       "sse2",
       "sse4_1",
       "sse4_2",
       "ssse3"
      ],
      "generation": 0,
      "parents": [
       "ivybridge"
      ]
     }
    },
    "compiler": {
     "name": "gcc",
     "version": "4.8.5"
    },
    "namespace": "builtin",
    "parameters": {
     "cpanm": true,
     "shared": true,
     "threads": true,
     "cflags": [],
     "cppflags": [],
     "cxxflags": [],
     "fflags": [],
     "ldflags": [],
     "ldlibs": []
    },
    "dependencies": {
     "gdbm": {
      "hash": "iinizdcupbqewvi766gd5k2sfg4tvej2",
      "type": [
       "build",
       "link"
      ]
     }
    },
    "hash": "t37ij37dooqatnmjpfivjogaeoa7a3c7"
   }
  },
  "unow6syv2lwmbg4vacoxvscv6nvlp4wo": {
   "automake": {
    "version": "1.16.1",
    "arch": {
     "platform": "linux",
     "platform_os": "rhel7",
     "target": {
      "name": "haswell",
      "vendor": "GenuineIntel",
      "features": [
       "aes",
       "avx",
       "avx2",
       "bmi1",
       "bmi2",
       "f16c",
       "fma",
       "mmx",
       "movbe",
       "pclmulqdq",
       "popcnt",
       "rdrand",
       "sse",
       "sse2",
       "sse4_1",
       "sse4_2",
       "ssse3"
      ],
      "generation": 0,
      "parents": [
       "ivybridge"
      ]
     }
    },
    "compiler": {
     "name": "gcc",
     "version": "4.8.5"
    },
    "namespace": "builtin",
    "parameters": {
     "cflags": [],
     "cppflags": [],
     "cxxflags": [],
     "fflags": [],
     "ldflags": [],
     "ldlibs": []
    },
    "dependencies": {
     "autoconf": {
      "hash": "kpwbtqi3txckknr3lkx3qo7dg7r3x5vz",
      "type": [
       "build"
      ]
     },
     "perl": {
      "hash": "nyqsbycoluquqsccosfcfap4dkqk5uf4",
      "type": [
       "build",
       "run"
      ]
     }
    },
    "hash": "y4u3on7ct5pbi4ebev4p7sufyvn6qkae"
   }
  },
  "kpwbtqi3txckknr3lkx3qo7dg7r3x5vz": {
   "autoconf": {
    "version": "2.69",
    "arch": {
     "platform": "linux",
     "platform_os": "rhel7",
     "target": {
      "name": "haswell",
      "vendor": "GenuineIntel",
      "features": [
       "aes",
       "avx",
       "avx2",
       "bmi1",
       "bmi2",
       "f16c",
       "fma",
       "mmx",
       "movbe",
       "pclmulqdq",
       "popcnt",
       "rdrand",
       "sse",
       "sse2",
       "sse4_1",
       "sse4_2",
       "ssse3"
      ],
      "generation": 0,
      "parents": [
       "ivybridge"
      ]
     }
    },
    "compiler": {
     "name": "gcc",
     "version": "4.8.5"
    },
    "namespace": "builtin",
    "parameters": {
     "cflags": [],
     "cppflags": [],
     "cxxflags": [],
     "fflags": [],
     "ldflags": [],
     "ldlibs": []
    },
    "dependencies": {
     "m4": {
      "hash": "dipchcn74xoopvyndswuarta645filhn",
      "type": [
       "build",
       "run"
      ]
     },
     "perl": {
      "hash": "nyqsbycoluquqsccosfcfap4dkqk5uf4",
      "type": [
       "build",
       "run"
      ]
     }
    },
    "hash": "tyy2iohgdlysm355h72nfay4otuypqcl"
   }
  },
  "rtnwyshnm7itjs7i6763kl35dx3muviu": {
   "libxml2": {
    "version": "2.9.9",
    "arch": {
     "platform": "linux",
     "platform_os": "rhel7",
     "target": {
      "name": "haswell",
      "vendor": "GenuineIntel",
      "features": [
       "aes",
       "avx",
       "avx2",
       "bmi1",
       "bmi2",
       "f16c",
       "fma",
       "mmx",
       "movbe",
       "pclmulqdq",
       "popcnt",
       "rdrand",
       "sse",
       "sse2",
       "sse4_1",
       "sse4_2",
       "ssse3"
      ],
      "generation": 0,
      "parents": [
       "ivybridge"
      ]
     }
    },
    "compiler": {
     "name": "gcc",
     "version": "4.8.5"
    },
    "namespace": "builtin",
    "parameters": {
     "python": false,
     "cflags": [],
     "cppflags": [],
     "cxxflags": [],
     "fflags": [],
     "ldflags": [],
     "ldlibs": []
    },
    "dependencies": {
     "libiconv": {
      "hash": "xcmzb6amddii7iat3lrfs3r6lnvevaf6",
      "type": [
       "build",
       "link"
      ]
     },
     "pkgconf": {
      "hash": "oqak6dhv5zjxjo4z7ctcmmb3oaz74fml",
      "type": [
       "build"
      ]
     },
     "xz": {
      "hash": "lvajsnjjncuehelmbw4hsnl5ypsza2pa",
      "type": [
       "build",
       "link"
      ]
     },
     "zlib": {
      "hash": "zolwez4onex3iueybyju2zi55njtdg5d",
      "type": [
       "build",
       "link"
      ]
     }
    },
    "hash": "azmlgc5opa32e476z6zdmsvhzftw2s5m"
   }
  },
  "iclgx65rcm25rxyqueoihe42amnwi2li": {
   "grib-api": {
    "version": "1.20.0p4",
    "arch": {
     "platform": "linux",
     "platform_os": "rhel7",
     "target": {
      "name": "haswell",
      "vendor": "GenuineIntel",
      "features": [
       "aes",
       "avx",
       "avx2",
       "bmi1",
       "bmi2",
       "f16c",
       "fma",
       "mmx",
       "movbe",
       "pclmulqdq",
       "popcnt",
       "rdrand",
       "sse",
       "sse2",
       "sse4_1",
       "sse4_2",
       "ssse3"
      ],
      "generation": 0,
      "parents": [
       "ivybridge"
      ]
     }
    },
    "compiler": {
     "name": "gcc",
     "version": "4.8.5"
    },
    "namespace": "mch",
    "parameters": {
     "aec": false,
     "build_type": "RelWithDebInfo",
     "examples": true,
     "fortran": false,
     "jp2k": "openjpeg",
     "netcdf": false,
     "numpy": false,
     "openmp": false,
     "patches": [
      "9abcf53ee1b8844f2aa5ff360b83f9548752b25b0357c94ddc4ae56f84d27978",
      "caa4c2f2ac4a13a61c3372cd64f2f6f6570c78ed2ab91497a76b02c584abe1bc"
     ],
     "png": false,
     "pthreads": false,
     "python": false,
     "test": true,
     "cflags": [],
     "cppflags": [],
     "cxxflags": [],
     "fflags": [],
     "ldflags": [],
     "ldlibs": []
    },
    "patches": [
     "9abcf53ee1b8844f2aa5ff360b83f9548752b25b0357c94ddc4ae56f84d27978",
     "caa4c2f2ac4a13a61c3372cd64f2f6f6570c78ed2ab91497a76b02c584abe1bc"
    ],
    "dependencies": {
     "cmake": {
      "hash": "zdpj3kg7cjrobvdbdqqnokt5nn3g266s",
      "type": [
       "build"
      ]
     },
     "openjpeg": {
      "hash": "vktloxbcjdsva6plovmmhvwlqhshcdcg",
      "type": [
       "build",
       "link"
      ]
     }
    },
    "hash": "6icdbicpyibknk5iwbeqih64bdrqwxpb"
   }
  },
  "zdpj3kg7cjrobvdbdqqnokt5nn3g266s": {
   "cmake": {
    "version": "3.15.5",
    "arch": {
     "platform": "linux",
     "platform_os": "rhel7",
     "target": {
      "name": "haswell",
      "vendor": "GenuineIntel",
      "features": [
       "aes",
       "avx",
       "avx2",
       "bmi1",
       "bmi2",
       "f16c",
       "fma",
       "mmx",
       "movbe",
       "pclmulqdq",
       "popcnt",
       "rdrand",
       "sse",
       "sse2",
       "sse4_1",
       "sse4_2",
       "ssse3"
      ],
      "generation": 0,
      "parents": [
       "ivybridge"
      ]
     }
    },
    "compiler": {
     "name": "gcc",
     "version": "4.8.5"
    },
    "namespace": "builtin",
    "parameters": {
     "doc": false,
     "ncurses": true,
     "openssl": true,
     "ownlibs": true,
     "qt": false,
     "cflags": [],
     "cppflags": [],
     "cxxflags": [],
     "fflags": [],
     "ldflags": [],
     "ldlibs": []
    },
    "dependencies": {
     "ncurses": {
      "hash": "jvxi6w473gvybgxi3hweeopkqpmzuotk",
      "type": [
       "build",
       "link"
      ]
     },
     "openssl": {
      "hash": "jd7vmaddltnvyp3wpyxbiyg5rqkeqszx",
      "type": [
       "build",
       "link"
      ]
     }
    },
    "hash": "4qltbcwoiwlcgfjmjnvjzfes3dafzduo"
   }
  },
  "oaynmfs4dqbsv5ramsq34freof7s42uc": {
   "libjpeg-turbo": {
    "version": "2.0.3",
    "arch": {
     "platform": "linux",
     "platform_os": "rhel7",
     "target": {
      "name": "haswell",
      "vendor": "GenuineIntel",
      "features": [
       "aes",
       "avx",
       "avx2",
       "bmi1",
       "bmi2",
       "f16c",
       "fma",
       "mmx",
       "movbe",
       "pclmulqdq",
       "popcnt",
       "rdrand",
       "sse",
       "sse2",
       "sse4_1",
       "sse4_2",
       "ssse3"
      ],
      "generation": 0,
      "parents": [
       "ivybridge"
      ]
     }
    },
    "compiler": {
     "name": "gcc",
     "version": "4.8.5"
    },
    "namespace": "builtin",
    "parameters": {
     "cflags": [],
     "cppflags": [],
     "cxxflags": [],
     "fflags": [],
     "ldflags": [],
     "ldlibs": []
    },
    "dependencies": {
     "cmake": {
      "hash": "zdpj3kg7cjrobvdbdqqnokt5nn3g266s",
      "type": [
       "build"
      ]
     },
     "nasm": {
      "hash": "mancsvwqvj3qwlsmslzhwjth67uahox4",
      "type": [
       "build"
      ]
     }
    },
    "hash": "3qvasrq3bjd47rsmfncja26mxederiqi"
   }
  },
  "u5sh2laz5qouqtomdkjoibd4d4qii4dw": {
   "ncurses": {
    "version": "6.1",
    "arch": {
     "platform": "linux",
     "platform_os": "rhel7",
     "target": {
      "name": "haswell",
      "vendor": "GenuineIntel",
      "features": [
       "aes",
       "avx",
       "avx2",
       "bmi1",
       "bmi2",
       "f16c",
       "fma",
       "mmx",
       "movbe",
       "pclmulqdq",
       "popcnt",
       "rdrand",
       "sse",
       "sse2",
       "sse4_1",
       "sse4_2",
       "ssse3"
      ],
      "generation": 0,
      "parents": [
       "ivybridge"
      ]
     }
    },
    "compiler": {
     "name": "gcc",
     "version": "6.1.0"
    },
    "namespace": "builtin",
    "parameters": {
     "symlinks": false,
     "termlib": false,
     "cflags": [],
     "cppflags": [],
     "cxxflags": [],
     "fflags": [],
     "ldflags": [],
     "ldlibs": []
    },
    "dependencies": {
     "pkgconf": {
      "hash": "s7o275sxgijj7m736dn4jb6vpku4edgn",
      "type": [
       "build"
      ]
     }
    },
    "hash": "pi4ecvcopdyflxtf5d3otpglf6m4sdlb"
   }
  },
  "lvajsnjjncuehelmbw4hsnl5ypsza2pa": {
   "xz": {
    "version": "5.2.4",
    "arch": {
     "platform": "linux",
     "platform_os": "rhel7",
     "target": {
      "name": "haswell",
      "vendor": "GenuineIntel",
      "features": [
       "aes",
       "avx",
       "avx2",
       "bmi1",
       "bmi2",
       "f16c",
       "fma",
       "mmx",
       "movbe",
       "pclmulqdq",
       "popcnt",
       "rdrand",
       "sse",
       "sse2",
       "sse4_1",
       "sse4_2",
       "ssse3"
      ],
      "generation": 0,
      "parents": [
       "ivybridge"
      ]
     }
    },
    "compiler": {
     "name": "gcc",
     "version": "4.8.5"
    },
    "namespace": "builtin",
    "parameters": {
     "cflags": [],
     "cppflags": [],
     "cxxflags": [],
     "fflags": [],
     "ldflags": [],
     "ldlibs": []
    },
    "hash": "lvajsnjjncuehelmbw4hsnl5ypsza2pa"
   }
  },
  "co4mittdpxr7ubdqzfm22vtnigmz4dnj": {
   "readline": {
    "version": "8.0",
    "arch": {
     "platform": "linux",
     "platform_os": "rhel7",
     "target": {
      "name": "haswell",
      "vendor": "GenuineIntel",
      "features": [
       "aes",
       "avx",
       "avx2",
       "bmi1",
       "bmi2",
       "f16c",
       "fma",
       "mmx",
       "movbe",
       "pclmulqdq",
       "popcnt",
       "rdrand",
       "sse",
       "sse2",
       "sse4_1",
       "sse4_2",
       "ssse3"
      ],
      "generation": 0,
      "parents": [
       "ivybridge"
      ]
     }
    },
    "compiler": {
     "name": "gcc",
     "version": "4.8.5"
    },
    "namespace": "builtin",
    "parameters": {
     "cflags": [],
     "cppflags": [],
     "cxxflags": [],
     "fflags": [],
     "ldflags": [],
     "ldlibs": []
    },
    "dependencies": {
     "ncurses": {
      "hash": "jvxi6w473gvybgxi3hweeopkqpmzuotk",
      "type": [
       "build",
       "link"
      ]
     }
    },
    "hash": "bp7xnfpcnoy4sxqfhggfbswyfczgq4od"
   }
  }
 },
 "_meta": {
  "lockfile-version": 2,
  "file-type": "spack-lockfile"
 },
 "roots": [
  {
   "hash": "c7in6hiwguautq7ramsb2nwgcvabz3wx",
   "spec": "libgrib1"
  },
  {
   "hash": "icrdv5hixqccvmd2xhkjnvz3b6cprrcb",
   "spec": "libgrib1"
  },
  {
   "hash": "qkvj37fbwa6m2yjjngac6si3k2fl4fld",
   "spec": "jasper"
  },
  {
   "hash": "iclgx65rcm25rxyqueoihe42amnwi2li",
   "spec": "grib-api"
  },
  {
   "hash": "u5sh2laz5qouqtomdkjoibd4d4qii4dw",
   "spec": "ncurses"
  },
  {
   "hash": "u5sh2laz5qouqtomdkjoibd4d4qii4dw",
   "spec": "ncurses"
  },
  {
   "hash": "u5sh2laz5qouqtomdkjoibd4d4qii4dw",
   "spec": "ncurses%gcc"
  },
  {
   "hash": "dbk6dcc2j5zqn5keweeq7ixrbjmc2yqf",
   "spec": "cmake%cce"
  },
  {
   "hash": "u5sh2laz5qouqtomdkjoibd4d4qii4dw",
   "spec": "ncurses"
  }
 ]
}
