{
 "concrete_specs": {
  "2q22xdsyyhohbpjp7hgfyrrobaunip25": {
   "openjpeg": {
    "version": "1.5.2",
    "arch": {
     "platform": "linux",
     "platform_os": "rhel7",
     "target": {
      "name": "haswell",
      "vendor": "GenuineIntel",
      "features": [
       "aes",
       "avx",
       "avx2",
       "bmi1",
       "bmi2",
       "f16c",
       "fma",
       "mmx",
       "movbe",
       "pclmulqdq",
       "popcnt",
       "rdrand",
       "sse",
       "sse2",
       "sse4_1",
       "sse4_2",
       "ssse3"
      ],
      "generation": 0,
      "parents": [
       "ivybridge"
      ]
     }
    },
    "compiler": {
     "name": "gcc",
     "version": "6.1.0"
    },
    "namespace": "builtin",
    "parameters": {
     "build_type": "RelWithDebInfo",
     "cflags": [],
     "cppflags": [],
     "cxxflags": [],
     "fflags": [],
     "ldflags": [],
     "ldlibs": []
    },
    "dependencies": {
     "cmake": {
      "hash": "j5nggilwshiqzyese43lvfbcnvvg7miq",
      "type": [
       "build"
      ]
     },
     "zlib": {
      "hash": "33pr3amec774pyqavxeaci6s7wzzdra7",
      "type": [
       "build",
       "link"
      ]
     }
    },
    "hash": "dwhhcgbaczbdubdjo7khriyuoijzttg3"
   }
  },
  "ext357w5b2iym5d7hgtepardr7qsli4j": {
   "nasm": {
    "version": "2.14.02",
    "arch": {
     "platform": "linux",
     "platform_os": "rhel7",
     "target": {
      "name": "haswell",
      "vendor": "GenuineIntel",
      "features": [
       "aes",
       "avx",
       "avx2",
       "bmi1",
       "bmi2",
       "f16c",
       "fma",
       "mmx",
       "movbe",
       "pclmulqdq",
       "popcnt",
       "rdrand",
       "sse",
       "sse2",
       "sse4_1",
       "sse4_2",
       "ssse3"
      ],
      "generation": 0,
      "parents": [
       "ivybridge"
      ]
     }
    },
    "compiler": {
     "name": "gcc",
     "version": "6.1.0"
    },
    "namespace": "builtin",
    "parameters": {
     "cflags": [],
     "cppflags": [],
     "cxxflags": [],
     "fflags": [],
     "ldflags": [],
     "ldlibs": []
    },
    "hash": "ext357w5b2iym5d7hgtepardr7qsli4j"
   }
  },
  "33pr3amec774pyqavxeaci6s7wzzdra7": {
   "zlib": {
    "version": "1.2.11",
    "arch": {
     "platform": "linux",
     "platform_os": "rhel7",
     "target": {
      "name": "haswell",
      "vendor": "GenuineIntel",
      "features": [
       "aes",
       "avx",
       "avx2",
       "bmi1",
       "bmi2",
       "f16c",
       "fma",
       "mmx",
       "movbe",
       "pclmulqdq",
       "popcnt",
       "rdrand",
       "sse",
       "sse2",
       "sse4_1",
       "sse4_2",
       "ssse3"
      ],
      "generation": 0,
      "parents": [
       "ivybridge"
      ]
     }
    },
    "compiler": {
     "name": "gcc",
     "version": "6.1.0"
    },
    "namespace": "builtin",
    "parameters": {
     "optimize": true,
     "pic": true,
     "shared": true,
     "cflags": [],
     "cppflags": [],
     "cxxflags": [],
     "fflags": [],
     "ldflags": [],
     "ldlibs": []
    },
    "hash": "33pr3amec774pyqavxeaci6s7wzzdra7"
   }
  },
  "mocuvqf2ixumpnicm4cmxoeqjbv3n5q3": {
   "libjpeg-turbo": {
    "version": "2.0.3",
    "arch": {
     "platform": "linux",
     "platform_os": "rhel7",
     "target": {
      "name": "haswell",
      "vendor": "GenuineIntel",
      "features": [
       "aes",
       "avx",
       "avx2",
       "bmi1",
       "bmi2",
       "f16c",
       "fma",
       "mmx",
       "movbe",
       "pclmulqdq",
       "popcnt",
       "rdrand",
       "sse",
       "sse2",
       "sse4_1",
       "sse4_2",
       "ssse3"
      ],
      "generation": 0,
      "parents": [
       "ivybridge"
      ]
     }
    },
    "compiler": {
     "name": "gcc",
     "version": "6.1.0"
    },
    "namespace": "builtin",
    "parameters": {
     "cflags": [],
     "cppflags": [],
     "cxxflags": [],
     "fflags": [],
     "ldflags": [],
     "ldlibs": []
    },
    "dependencies": {
     "cmake": {
      "hash": "j5nggilwshiqzyese43lvfbcnvvg7miq",
      "type": [
       "build"
      ]
     },
     "nasm": {
      "hash": "ext357w5b2iym5d7hgtepardr7qsli4j",
      "type": [
       "build"
      ]
     }
    },
    "hash": "homog4wddwxxqgj6l5cbagf3cpvfrtgz"
   }
  },
  "j5nggilwshiqzyese43lvfbcnvvg7miq": {
   "cmake": {
    "version": "3.14.5",
    "arch": {
     "platform": "linux",
     "platform_os": "rhel7",
     "target": {
      "name": "haswell",
      "vendor": "GenuineIntel",
      "features": [
       "aes",
       "avx",
       "avx2",
       "bmi1",
       "bmi2",
       "f16c",
       "fma",
       "mmx",
       "movbe",
       "pclmulqdq",
       "popcnt",
       "rdrand",
       "sse",
       "sse2",
       "sse4_1",
       "sse4_2",
       "ssse3"
      ],
      "generation": 0,
      "parents": [
       "ivybridge"
      ]
     }
    },
    "compiler": {
     "name": "gcc",
     "version": "6.1.0"
    },
    "namespace": "builtin",
    "parameters": {
     "doc": false,
     "ncurses": true,
     "openssl": true,
     "ownlibs": true,
     "qt": false,
     "cflags": [],
     "cppflags": [],
     "cxxflags": [],
     "fflags": [],
     "ldflags": [],
     "ldlibs": []
    },
    "external": {
     "path": "/users/jenkins/easybuild/kesch/modules/all/cmake/3.14.5",
     "module": null
    },
    "hash": "j5nggilwshiqzyese43lvfbcnvvg7miq"
   }
  },
  "re3mvdwxzwqylmnwypegoq26ubszvkqc": {
   "jasper": {
    "version": "2.0.14",
    "arch": {
     "platform": "linux",
     "platform_os": "rhel7",
     "target": {
      "name": "haswell",
      "vendor": "GenuineIntel",
      "features": [
       "aes",
       "avx",
       "avx2",
       "bmi1",
       "bmi2",
       "f16c",
       "fma",
       "mmx",
       "movbe",
       "pclmulqdq",
       "popcnt",
       "rdrand",
       "sse",
       "sse2",
       "sse4_1",
       "sse4_2",
       "ssse3"
      ],
      "generation": 0,
      "parents": [
       "ivybridge"
      ]
     }
    },
    "compiler": {
     "name": "gcc",
     "version": "6.1.0"
    },
    "namespace": "builtin",
    "parameters": {
     "build_type": "Release",
     "jpeg": true,
     "opengl": false,
     "shared": true,
     "cflags": [],
     "cppflags": [],
     "cxxflags": [],
     "fflags": [],
     "ldflags": [],
     "ldlibs": []
    },
    "dependencies": {
     "cmake": {
      "hash": "j5nggilwshiqzyese43lvfbcnvvg7miq",
      "type": [
       "build"
      ]
     },
     "libjpeg-turbo": {
      "hash": "mocuvqf2ixumpnicm4cmxoeqjbv3n5q3",
      "type": [
       "build",
       "link"
      ]
     }
    },
    "hash": "mtgunlz3ckf5dptqkcs6sk6ol3627ttz"
   }
  },
  "ut5ntq3t7xlmhxenw7zkei5a4wwhln3h": {
   "libgrib1": {
    "version": "2019-11-22",
    "arch": {
     "platform": "linux",
     "platform_os": "rhel7",
     "target": {
      "name": "haswell",
      "vendor": "GenuineIntel",
      "features": [
       "aes",
       "avx",
       "avx2",
       "bmi1",
       "bmi2",
       "f16c",
       "fma",
       "mmx",
       "movbe",
       "pclmulqdq",
       "popcnt",
       "rdrand",
       "sse",
       "sse2",
       "sse4_1",
       "sse4_2",
       "ssse3"
      ],
      "generation": 0,
      "parents": [
       "ivybridge"
      ]
     }
    },
    "compiler": {
     "name": "gcc",
     "version": "6.1.0"
    },
    "namespace": "mch",
    "parameters": {
     "cflags": [],
     "cppflags": [],
     "cxxflags": [],
     "fflags": [],
     "ldflags": [],
     "ldlibs": []
    },
    "hash": "ut5ntq3t7xlmhxenw7zkei5a4wwhln3h"
   }
  },
  "u5sh2laz5qouqtomdkjoibd4d4qii4dw": {
   "ncurses": {
    "version": "6.1",
    "arch": {
     "platform": "linux",
     "platform_os": "rhel7",
     "target": {
      "name": "haswell",
      "vendor": "GenuineIntel",
      "features": [
       "aes",
       "avx",
       "avx2",
       "bmi1",
       "bmi2",
       "f16c",
       "fma",
       "mmx",
       "movbe",
       "pclmulqdq",
       "popcnt",
       "rdrand",
       "sse",
       "sse2",
       "sse4_1",
       "sse4_2",
       "ssse3"
      ],
      "generation": 0,
      "parents": [
       "ivybridge"
      ]
     }
    },
    "compiler": {
     "name": "gcc",
     "version": "6.1.0"
    },
    "namespace": "builtin",
    "parameters": {
     "symlinks": false,
     "termlib": false,
     "cflags": [],
     "cppflags": [],
     "cxxflags": [],
     "fflags": [],
     "ldflags": [],
     "ldlibs": []
    },
    "dependencies": {
     "pkgconf": {
      "hash": "s7o275sxgijj7m736dn4jb6vpku4edgn",
      "type": [
       "build"
      ]
     }
    },
    "hash": "pi4ecvcopdyflxtf5d3otpglf6m4sdlb"
   }
  },
  "srn6cm4okghdp7eempxrjkwrtvvlxmmk": {
   "grib-api": {
    "version": "1.24.0",
    "arch": {
     "platform": "linux",
     "platform_os": "rhel7",
     "target": {
      "name": "haswell",
      "vendor": "GenuineIntel",
      "features": [
       "aes",
       "avx",
       "avx2",
       "bmi1",
       "bmi2",
       "f16c",
       "fma",
       "mmx",
       "movbe",
       "pclmulqdq",
       "popcnt",
       "rdrand",
       "sse",
       "sse2",
       "sse4_1",
       "sse4_2",
       "ssse3"
      ],
      "generation": 0,
      "parents": [
       "ivybridge"
      ]
     }
    },
    "compiler": {
     "name": "gcc",
     "version": "6.1.0"
    },
    "namespace": "builtin",
    "parameters": {
     "aec": false,
     "build_type": "RelWithDebInfo",
     "examples": true,
     "fortran": false,
     "jp2k": "openjpeg",
     "netcdf": false,
     "numpy": false,
     "openmp": false,
     "patches": [
      "9abcf53ee1b8844f2aa5ff360b83f9548752b25b0357c94ddc4ae56f84d27978",
      "caa4c2f2ac4a13a61c3372cd64f2f6f6570c78ed2ab91497a76b02c584abe1bc"
     ],
     "png": false,
     "pthreads": false,
     "python": false,
     "test": true,
     "cflags": [],
     "cppflags": [],
     "cxxflags": [],
     "fflags": [],
     "ldflags": [],
     "ldlibs": []
    },
    "patches": [
     "9abcf53ee1b8844f2aa5ff360b83f9548752b25b0357c94ddc4ae56f84d27978",
     "caa4c2f2ac4a13a61c3372cd64f2f6f6570c78ed2ab91497a76b02c584abe1bc"
    ],
    "dependencies": {
     "cmake": {
      "hash": "j5nggilwshiqzyese43lvfbcnvvg7miq",
      "type": [
       "build"
      ]
     },
     "openjpeg": {
      "hash": "2q22xdsyyhohbpjp7hgfyrrobaunip25",
      "type": [
       "build",
       "link"
      ]
     }
    },
    "hash": "qplrh57d6nrvzrzrwi4may7lxrowwlhi"
   }
  },
  "s7o275sxgijj7m736dn4jb6vpku4edgn": {
   "pkgconf": {
    "version": "1.6.3",
    "arch": {
     "platform": "linux",
     "platform_os": "rhel7",
     "target": {
      "name": "haswell",
      "vendor": "GenuineIntel",
      "features": [
       "aes",
       "avx",
       "avx2",
       "bmi1",
       "bmi2",
       "f16c",
       "fma",
       "mmx",
       "movbe",
       "pclmulqdq",
       "popcnt",
       "rdrand",
       "sse",
       "sse2",
       "sse4_1",
       "sse4_2",
       "ssse3"
      ],
      "generation": 0,
      "parents": [
       "ivybridge"
      ]
     }
    },
    "compiler": {
     "name": "gcc",
     "version": "6.1.0"
    },
    "namespace": "builtin",
    "parameters": {
     "cflags": [],
     "cppflags": [],
     "cxxflags": [],
     "fflags": [],
     "ldflags": [],
     "ldlibs": []
    },
    "hash": "s7o275sxgijj7m736dn4jb6vpku4edgn"
   }
  }
 },
 "_meta": {
  "lockfile-version": 2,
  "file-type": "spack-lockfile"
 },
 "roots": [
  {
   "hash": "ut5ntq3t7xlmhxenw7zkei5a4wwhln3h",
   "spec": "libgrib1"
  },
  {
   "hash": "re3mvdwxzwqylmnwypegoq26ubszvkqc",
   "spec": "jasper"
  },
  {
   "hash": "srn6cm4okghdp7eempxrjkwrtvvlxmmk",
   "spec": "grib-api"
  },
  {
   "hash": "u5sh2laz5qouqtomdkjoibd4d4qii4dw",
   "spec": "ncurses"
  },
  {
   "hash": "u5sh2laz5qouqtomdkjoibd4d4qii4dw",
   "spec": "ncurses%gcc"
  },
  {
   "hash": "j5nggilwshiqzyese43lvfbcnvvg7miq",
   "spec": "cmake%cce"
  }
 ]
}