{
 "concrete_specs": {
  "vd4adxf6mxuhowsozmnvhk22ceq4lvni": {
   "automake": {
    "version": "1.16.1",
    "arch": {
     "platform": "linux",
     "platform_os": "rhel7",
     "target": {
      "name": "skylake_avx512",
      "vendor": "GenuineIntel",
      "features": [
       "adx",
       "aes",
       "avx",
       "avx2",
       "avx512bw",
       "avx512cd",
       "avx512dq",
       "avx512f",
       "avx512vl",
       "bmi1",
       "bmi2",
       "clflushopt",
       "clwb",
       "f16c",
       "fma",
       "mmx",
       "movbe",
       "pclmulqdq",
       "popcnt",
       "rdrand",
       "rdseed",
       "sse",
       "sse2",
       "sse4_1",
       "sse4_2",
       "ssse3",
       "xsavec",
       "xsaveopt"
      ],
      "generation": 0,
      "parents": [
       "skylake"
      ]
     }
    },
    "compiler": {
     "name": "gcc",
     "version": "8.3.0"
    },
    "namespace": "builtin",
    "parameters": {
     "cflags": [],
     "cppflags": [],
     "cxxflags": [],
     "fflags": [],
     "ldflags": [],
     "ldlibs": []
    },
    "dependencies": {
     "autoconf": {
      "hash": "cx5iu7zbsw2pdpbwcyky4w2ivxfvhhss",
      "type": [
       "build"
      ]
     },
     "perl": {
      "hash": "lgvoqifnoom2yheospkorrinctzbhfge",
      "type": [
       "build",
       "run"
      ]
     }
    },
    "hash": "m77j56hjvjfx37rxcbc3ztwpeitzqzju"
   }
  },
  "hdyu4qmkw2z3rabudxkbvqbbnmjjh7v2": {
   "gdbm": {
    "version": "1.18.1",
    "arch": {
     "platform": "linux",
     "platform_os": "rhel7",
     "target": {
      "name": "skylake_avx512",
      "vendor": "GenuineIntel",
      "features": [
       "adx",
       "aes",
       "avx",
       "avx2",
       "avx512bw",
       "avx512cd",
       "avx512dq",
       "avx512f",
       "avx512vl",
       "bmi1",
       "bmi2",
       "clflushopt",
       "clwb",
       "f16c",
       "fma",
       "mmx",
       "movbe",
       "pclmulqdq",
       "popcnt",
       "rdrand",
       "rdseed",
       "sse",
       "sse2",
       "sse4_1",
       "sse4_2",
       "ssse3",
       "xsavec",
       "xsaveopt"
      ],
      "generation": 0,
      "parents": [
       "skylake"
      ]
     }
    },
    "compiler": {
     "name": "gcc",
     "version": "8.3.0"
    },
    "namespace": "builtin",
    "parameters": {
     "cflags": [],
     "cppflags": [],
     "cxxflags": [],
     "fflags": [],
     "ldflags": [],
     "ldlibs": []
    },
    "dependencies": {
     "readline": {
      "hash": "h76oexhjez4cdq2tzb6vemanh7j3c5z4",
      "type": [
       "build",
       "link"
      ]
     }
    },
    "hash": "4wnztvzhl6xk5rdx5wfyhelbrglrovxw"
   }
  },
  "e3lu4g2u4mxslubju5hntm5znzuclmqz": {
   "libsigsegv": {
    "version": "2.12",
    "arch": {
     "platform": "linux",
     "platform_os": "rhel7",
     "target": {
      "name": "skylake_avx512",
      "vendor": "GenuineIntel",
      "features": [
       "adx",
       "aes",
       "avx",
       "avx2",
       "avx512bw",
       "avx512cd",
       "avx512dq",
       "avx512f",
       "avx512vl",
       "bmi1",
       "bmi2",
       "clflushopt",
       "clwb",
       "f16c",
       "fma",
       "mmx",
       "movbe",
       "pclmulqdq",
       "popcnt",
       "rdrand",
       "rdseed",
       "sse",
       "sse2",
       "sse4_1",
       "sse4_2",
       "ssse3",
       "xsavec",
       "xsaveopt"
      ],
      "generation": 0,
      "parents": [
       "skylake"
      ]
     }
    },
    "compiler": {
     "name": "gcc",
     "version": "8.3.0"
    },
    "namespace": "builtin",
    "parameters": {
     "cflags": [],
     "cppflags": [],
     "cxxflags": [],
     "fflags": [],
     "ldflags": [],
     "ldlibs": []
    },
    "hash": "e3lu4g2u4mxslubju5hntm5znzuclmqz"
   }
  },
  "2cmsinqe3qjp6ox4bawgs34kx7vwbtph": {
   "serialbox": {
    "version": "2.5.4",
    "arch": {
     "platform": "linux",
     "platform_os": "rhel7",
     "target": {
      "name": "skylake_avx512",
      "vendor": "GenuineIntel",
      "features": [
       "adx",
       "aes",
       "avx",
       "avx2",
       "avx512bw",
       "avx512cd",
       "avx512dq",
       "avx512f",
       "avx512vl",
       "bmi1",
       "bmi2",
       "clflushopt",
       "clwb",
       "f16c",
       "fma",
       "mmx",
       "movbe",
       "pclmulqdq",
       "popcnt",
       "rdrand",
       "rdseed",
       "sse",
       "sse2",
       "sse4_1",
       "sse4_2",
       "ssse3",
       "xsavec",
       "xsaveopt"
      ],
      "generation": 0,
      "parents": [
       "skylake"
      ]
     }
    },
    "compiler": {
     "name": "gcc",
     "version": "8.3.0"
    },
    "namespace": "mch",
    "parameters": {
     "build_type": "RelWithDebInfo",
     "cflags": [],
     "cppflags": [],
     "cxxflags": [],
     "fflags": [],
     "ldflags": [],
     "ldlibs": []
    },
    "dependencies": {
     "boost": {
      "hash": "wtfufgkefxirrroqyqphj24xygfrnuhe",
      "type": [
       "build",
       "link"
      ]
     },
     "cmake": {
      "hash": "cqqgrrm3r25rqsjroe66z7f7apkkt2pp",
      "type": [
       "build"
      ]
     }
    },
    "hash": "udztqnndkwbjwniqir5dhjovo65lrq6m"
   }
  },
  "qlozjih6a5hhdsuocahyklhzwd7dfnsa": {
   "libxml2": {
    "version": "2.9.9",
    "arch": {
     "platform": "linux",
     "platform_os": "rhel7",
     "target": {
      "name": "skylake_avx512",
      "vendor": "GenuineIntel",
      "features": [
       "adx",
       "aes",
       "avx",
       "avx2",
       "avx512bw",
       "avx512cd",
       "avx512dq",
       "avx512f",
       "avx512vl",
       "bmi1",
       "bmi2",
       "clflushopt",
       "clwb",
       "f16c",
       "fma",
       "mmx",
       "movbe",
       "pclmulqdq",
       "popcnt",
       "rdrand",
       "rdseed",
       "sse",
       "sse2",
       "sse4_1",
       "sse4_2",
       "ssse3",
       "xsavec",
       "xsaveopt"
      ],
      "generation": 0,
      "parents": [
       "skylake"
      ]
     }
    },
    "compiler": {
     "name": "gcc",
     "version": "8.3.0"
    },
    "namespace": "builtin",
    "parameters": {
     "python": false,
     "cflags": [],
     "cppflags": [],
     "cxxflags": [],
     "fflags": [],
     "ldflags": [],
     "ldlibs": []
    },
    "dependencies": {
     "libiconv": {
      "hash": "rqowyp3uebaist3gnirtrmoi33jpnaxp",
      "type": [
       "build",
       "link"
      ]
     },
     "pkgconf": {
      "hash": "uvluypalbawl556447r4agweltv2aqyb",
      "type": [
       "build"
      ]
     },
     "xz": {
      "hash": "l6ijc74sekrc2h547nsccfq45m4kjhr4",
      "type": [
       "build",
       "link"
      ]
     },
     "zlib": {
      "hash": "7ngitcavbjrrpjxfzsxnyidh3wjctg3g",
      "type": [
       "build",
       "link"
      ]
     }
    },
    "hash": "yy4xwgfembdejqlzwljgngj3nq4ghso5"
   }
  },
  "lgvoqifnoom2yheospkorrinctzbhfge": {
   "perl": {
    "version": "5.30.0",
    "arch": {
     "platform": "linux",
     "platform_os": "rhel7",
     "target": {
      "name": "skylake_avx512",
      "vendor": "GenuineIntel",
      "features": [
       "adx",
       "aes",
       "avx",
       "avx2",
       "avx512bw",
       "avx512cd",
       "avx512dq",
       "avx512f",
       "avx512vl",
       "bmi1",
       "bmi2",
       "clflushopt",
       "clwb",
       "f16c",
       "fma",
       "mmx",
       "movbe",
       "pclmulqdq",
       "popcnt",
       "rdrand",
       "rdseed",
       "sse",
       "sse2",
       "sse4_1",
       "sse4_2",
       "ssse3",
       "xsavec",
       "xsaveopt"
      ],
      "generation": 0,
      "parents": [
       "skylake"
      ]
     }
    },
    "compiler": {
     "name": "gcc",
     "version": "8.3.0"
    },
    "namespace": "builtin",
    "parameters": {
     "cpanm": true,
     "shared": true,
     "threads": true,
     "cflags": [],
     "cppflags": [],
     "cxxflags": [],
     "fflags": [],
     "ldflags": [],
     "ldlibs": []
    },
    "dependencies": {
     "gdbm": {
      "hash": "hdyu4qmkw2z3rabudxkbvqbbnmjjh7v2",
      "type": [
       "build",
       "link"
      ]
     }
    },
    "hash": "rsfdz7q5go3wywqxne2hl345txmcsjyh"
   }
  },
  "iszt24das3ngtcbkxcwcfqlavtfb7cm2": {
   "cosmo-dycore": {
    "version": "master",
    "arch": {
     "platform": "linux",
     "platform_os": "rhel7",
     "target": {
      "name": "skylake_avx512",
      "vendor": "GenuineIntel",
      "features": [
       "adx",
       "aes",
       "avx",
       "avx2",
       "avx512bw",
       "avx512cd",
       "avx512dq",
       "avx512f",
       "avx512vl",
       "bmi1",
       "bmi2",
       "clflushopt",
       "clwb",
       "f16c",
       "fma",
       "mmx",
       "movbe",
       "pclmulqdq",
       "popcnt",
       "rdrand",
       "rdseed",
       "sse",
       "sse2",
       "sse4_1",
       "sse4_2",
       "ssse3",
       "xsavec",
       "xsaveopt"
      ],
      "generation": 0,
      "parents": [
       "skylake"
      ]
     }
    },
    "compiler": {
     "name": "gcc",
     "version": "8.3.0"
    },
    "namespace": "mch",
    "parameters": {
     "build_type": "RelWithDebInfo",
     "gpu": false,
     "testing": false,
     "cflags": [],
     "cppflags": [],
     "cxxflags": [],
     "fflags": [],
     "ldflags": [],
     "ldlibs": []
    },
    "dependencies": {
     "boost": {
      "hash": "wtfufgkefxirrroqyqphj24xygfrnuhe",
      "type": [
       "build",
       "link"
      ]
     },
     "cmake": {
      "hash": "cqqgrrm3r25rqsjroe66z7f7apkkt2pp",
      "type": [
       "build"
      ]
     },
     "gridtools-git": {
      "hash": "w3zqkb6hbs6uwdqkxocdr2xxpyoymiap",
      "type": [
       "build",
       "link"
      ]
     },
     "openmpi": {
      "hash": "fjtkphgcieytm7tgzk5ev7pzhfhijm6o",
      "type": [
       "build",
       "link"
      ]
     },
     "serialbox": {
      "hash": "2cmsinqe3qjp6ox4bawgs34kx7vwbtph",
      "type": [
       "build",
       "link"
      ]
     }
    },
    "hash": "n2o5x63jycbxbhk2lcuzzxyw35suygtw"
   }
  },
  "uwebiev3zsbmk2ekohuir6rwgsxja56b": {
   "util-macros": {
    "version": "1.19.1",
    "arch": {
     "platform": "linux",
     "platform_os": "rhel7",
     "target": {
      "name": "skylake_avx512",
      "vendor": "GenuineIntel",
      "features": [
       "adx",
       "aes",
       "avx",
       "avx2",
       "avx512bw",
       "avx512cd",
       "avx512dq",
       "avx512f",
       "avx512vl",
       "bmi1",
       "bmi2",
       "clflushopt",
       "clwb",
       "f16c",
       "fma",
       "mmx",
       "movbe",
       "pclmulqdq",
       "popcnt",
       "rdrand",
       "rdseed",
       "sse",
       "sse2",
       "sse4_1",
       "sse4_2",
       "ssse3",
       "xsavec",
       "xsaveopt"
      ],
      "generation": 0,
      "parents": [
       "skylake"
      ]
     }
    },
    "compiler": {
     "name": "gcc",
     "version": "8.3.0"
    },
    "namespace": "builtin",
    "parameters": {
     "cflags": [],
     "cppflags": [],
     "cxxflags": [],
     "fflags": [],
     "ldflags": [],
     "ldlibs": []
    },
    "hash": "uwebiev3zsbmk2ekohuir6rwgsxja56b"
   }
  },
  "7zwfguvel4bz2f6vz2ajbtjm27h3gwvo": {
   "libtool": {
    "version": "2.4.6",
    "arch": {
     "platform": "linux",
     "platform_os": "rhel7",
     "target": {
      "name": "skylake_avx512",
      "vendor": "GenuineIntel",
      "features": [
       "adx",
       "aes",
       "avx",
       "avx2",
       "avx512bw",
       "avx512cd",
       "avx512dq",
       "avx512f",
       "avx512vl",
       "bmi1",
       "bmi2",
       "clflushopt",
       "clwb",
       "f16c",
       "fma",
       "mmx",
       "movbe",
       "pclmulqdq",
       "popcnt",
       "rdrand",
       "rdseed",
       "sse",
       "sse2",
       "sse4_1",
       "sse4_2",
       "ssse3",
       "xsavec",
       "xsaveopt"
      ],
      "generation": 0,
      "parents": [
       "skylake"
      ]
     }
    },
    "compiler": {
     "name": "gcc",
     "version": "8.3.0"
    },
    "namespace": "builtin",
    "parameters": {
     "cflags": [],
     "cppflags": [],
     "cxxflags": [],
     "fflags": [],
     "ldflags": [],
     "ldlibs": []
    },
    "dependencies": {
     "m4": {
      "hash": "4ye33p6l3q3xussopo7lade2qttr2qxj",
      "type": [
       "build"
      ]
     }
    },
    "hash": "2cui5egjbtbczotd2nbaguofuuh527nm"
   }
  },
  "h76oexhjez4cdq2tzb6vemanh7j3c5z4": {
   "readline": {
    "version": "8.0",
    "arch": {
     "platform": "linux",
     "platform_os": "rhel7",
     "target": {
      "name": "skylake_avx512",
      "vendor": "GenuineIntel",
      "features": [
       "adx",
       "aes",
       "avx",
       "avx2",
       "avx512bw",
       "avx512cd",
       "avx512dq",
       "avx512f",
       "avx512vl",
       "bmi1",
       "bmi2",
       "clflushopt",
       "clwb",
       "f16c",
       "fma",
       "mmx",
       "movbe",
       "pclmulqdq",
       "popcnt",
       "rdrand",
       "rdseed",
       "sse",
       "sse2",
       "sse4_1",
       "sse4_2",
       "ssse3",
       "xsavec",
       "xsaveopt"
      ],
      "generation": 0,
      "parents": [
       "skylake"
      ]
     }
    },
    "compiler": {
     "name": "gcc",
     "version": "8.3.0"
    },
    "namespace": "builtin",
    "parameters": {
     "cflags": [],
     "cppflags": [],
     "cxxflags": [],
     "fflags": [],
     "ldflags": [],
     "ldlibs": []
    },
    "dependencies": {
     "ncurses": {
      "hash": "njllf3afarc3f3khcy3ienpqxspk4zt3",
      "type": [
       "build",
       "link"
      ]
     }
    },
    "hash": "odvn3memrc7oiba6od7wolzv2y6diw7o"
   }
  },
  "7ngitcavbjrrpjxfzsxnyidh3wjctg3g": {
   "zlib": {
    "version": "1.2.11",
    "arch": {
     "platform": "linux",
     "platform_os": "rhel7",
     "target": {
      "name": "skylake_avx512",
      "vendor": "GenuineIntel",
      "features": [
       "adx",
       "aes",
       "avx",
       "avx2",
       "avx512bw",
       "avx512cd",
       "avx512dq",
       "avx512f",
       "avx512vl",
       "bmi1",
       "bmi2",
       "clflushopt",
       "clwb",
       "f16c",
       "fma",
       "mmx",
       "movbe",
       "pclmulqdq",
       "popcnt",
       "rdrand",
       "rdseed",
       "sse",
       "sse2",
       "sse4_1",
       "sse4_2",
       "ssse3",
       "xsavec",
       "xsaveopt"
      ],
      "generation": 0,
      "parents": [
       "skylake"
      ]
     }
    },
    "compiler": {
     "name": "gcc",
     "version": "8.3.0"
    },
    "namespace": "builtin",
    "parameters": {
     "optimize": true,
     "pic": true,
     "shared": true,
     "cflags": [],
     "cppflags": [],
     "cxxflags": [],
     "fflags": [],
     "ldflags": [],
     "ldlibs": []
    },
    "hash": "7ngitcavbjrrpjxfzsxnyidh3wjctg3g"
   }
  },
  "jkdjyq2g7nq4drw3khuukgkexlj373nc": {
   "numactl": {
    "version": "2.0.12",
    "arch": {
     "platform": "linux",
     "platform_os": "rhel7",
     "target": {
      "name": "skylake_avx512",
      "vendor": "GenuineIntel",
      "features": [
       "adx",
       "aes",
       "avx",
       "avx2",
       "avx512bw",
       "avx512cd",
       "avx512dq",
       "avx512f",
       "avx512vl",
       "bmi1",
       "bmi2",
       "clflushopt",
       "clwb",
       "f16c",
       "fma",
       "mmx",
       "movbe",
       "pclmulqdq",
       "popcnt",
       "rdrand",
       "rdseed",
       "sse",
       "sse2",
       "sse4_1",
       "sse4_2",
       "ssse3",
       "xsavec",
       "xsaveopt"
      ],
      "generation": 0,
      "parents": [
       "skylake"
      ]
     }
    },
    "compiler": {
     "name": "gcc",
     "version": "8.3.0"
    },
    "namespace": "builtin",
    "parameters": {
     "cflags": [],
     "cppflags": [],
     "cxxflags": [],
     "fflags": [],
     "ldflags": [],
     "ldlibs": []
    },
    "dependencies": {
     "autoconf": {
      "hash": "cx5iu7zbsw2pdpbwcyky4w2ivxfvhhss",
      "type": [
       "build"
      ]
     },
     "automake": {
      "hash": "vd4adxf6mxuhowsozmnvhk22ceq4lvni",
      "type": [
       "build"
      ]
     },
     "libtool": {
      "hash": "7zwfguvel4bz2f6vz2ajbtjm27h3gwvo",
      "type": [
       "build"
      ]
     },
     "m4": {
      "hash": "4ye33p6l3q3xussopo7lade2qttr2qxj",
      "type": [
       "build"
      ]
     }
    },
    "hash": "sao4blrrkwm3obxiumw5o6mixnqke6l4"
   }
  },
  "e25gf4mu2rrseob7fsqivj3zjguqzfz2": {
   "serialbox": {
    "version": "2.5.4",
    "arch": {
     "platform": "linux",
     "platform_os": "rhel7",
     "target": {
      "name": "skylake_avx512",
      "vendor": "GenuineIntel",
      "features": [
       "adx",
       "aes",
       "avx",
       "avx2",
       "avx512bw",
       "avx512cd",
       "avx512dq",
       "avx512f",
       "avx512vl",
       "bmi1",
       "bmi2",
       "clflushopt",
       "clwb",
       "f16c",
       "fma",
       "mmx",
       "movbe",
       "pclmulqdq",
       "popcnt",
       "rdrand",
       "rdseed",
       "sse",
       "sse2",
       "sse4_1",
       "sse4_2",
       "ssse3",
       "xsavec",
       "xsaveopt"
      ],
      "generation": 0,
      "parents": [
       "skylake"
      ]
     }
    },
    "compiler": {
     "name": "gcc",
     "version": "8.3.0"
    },
    "namespace": "mch",
    "parameters": {
     "build_type": "RelWithDebInfo",
     "cflags": [],
     "cppflags": [],
     "cxxflags": [],
     "fflags": [],
     "ldflags": [],
     "ldlibs": []
    },
    "dependencies": {
     "boost": {
      "hash": "y5wxnc6njgcxubww6mcb4khmeqwoeptw",
      "type": [
       "build",
       "link"
      ]
     },
     "cmake": {
      "hash": "cqqgrrm3r25rqsjroe66z7f7apkkt2pp",
      "type": [
       "build"
      ]
     }
    },
    "hash": "uou4b5jgsild433tt62mp3nkhoynfn4b"
   }
  },
  "uvluypalbawl556447r4agweltv2aqyb": {
   "pkgconf": {
    "version": "1.6.3",
    "arch": {
     "platform": "linux",
     "platform_os": "rhel7",
     "target": {
      "name": "skylake_avx512",
      "vendor": "GenuineIntel",
      "features": [
       "adx",
       "aes",
       "avx",
       "avx2",
       "avx512bw",
       "avx512cd",
       "avx512dq",
       "avx512f",
       "avx512vl",
       "bmi1",
       "bmi2",
       "clflushopt",
       "clwb",
       "f16c",
       "fma",
       "mmx",
       "movbe",
       "pclmulqdq",
       "popcnt",
       "rdrand",
       "rdseed",
       "sse",
       "sse2",
       "sse4_1",
       "sse4_2",
       "ssse3",
       "xsavec",
       "xsaveopt"
      ],
      "generation": 0,
      "parents": [
       "skylake"
      ]
     }
    },
    "compiler": {
     "name": "gcc",
     "version": "8.3.0"
    },
    "namespace": "builtin",
    "parameters": {
     "cflags": [],
     "cppflags": [],
     "cxxflags": [],
     "fflags": [],
     "ldflags": [],
     "ldlibs": []
    },
    "hash": "uvluypalbawl556447r4agweltv2aqyb"
   }
  },
  "cx5iu7zbsw2pdpbwcyky4w2ivxfvhhss": {
   "autoconf": {
    "version": "2.69",
    "arch": {
     "platform": "linux",
     "platform_os": "rhel7",
     "target": {
      "name": "skylake_avx512",
      "vendor": "GenuineIntel",
      "features": [
       "adx",
       "aes",
       "avx",
       "avx2",
       "avx512bw",
       "avx512cd",
       "avx512dq",
       "avx512f",
       "avx512vl",
       "bmi1",
       "bmi2",
       "clflushopt",
       "clwb",
       "f16c",
       "fma",
       "mmx",
       "movbe",
       "pclmulqdq",
       "popcnt",
       "rdrand",
       "rdseed",
       "sse",
       "sse2",
       "sse4_1",
       "sse4_2",
       "ssse3",
       "xsavec",
       "xsaveopt"
      ],
      "generation": 0,
      "parents": [
       "skylake"
      ]
     }
    },
    "compiler": {
     "name": "gcc",
     "version": "8.3.0"
    },
    "namespace": "builtin",
    "parameters": {
     "cflags": [],
     "cppflags": [],
     "cxxflags": [],
     "fflags": [],
     "ldflags": [],
     "ldlibs": []
    },
    "dependencies": {
     "m4": {
      "hash": "4ye33p6l3q3xussopo7lade2qttr2qxj",
      "type": [
       "build",
       "run"
      ]
     },
     "perl": {
      "hash": "lgvoqifnoom2yheospkorrinctzbhfge",
      "type": [
       "build",
       "run"
      ]
     }
    },
    "hash": "tuqjndkyg6g2iy2ocvseq2auu3tgyolc"
   }
  },
  "4ye33p6l3q3xussopo7lade2qttr2qxj": {
   "m4": {
    "version": "1.4.18",
    "arch": {
     "platform": "linux",
     "platform_os": "rhel7",
     "target": {
      "name": "skylake_avx512",
      "vendor": "GenuineIntel",
      "features": [
       "adx",
       "aes",
       "avx",
       "avx2",
       "avx512bw",
       "avx512cd",
       "avx512dq",
       "avx512f",
       "avx512vl",
       "bmi1",
       "bmi2",
       "clflushopt",
       "clwb",
       "f16c",
       "fma",
       "mmx",
       "movbe",
       "pclmulqdq",
       "popcnt",
       "rdrand",
       "rdseed",
       "sse",
       "sse2",
       "sse4_1",
       "sse4_2",
       "ssse3",
       "xsavec",
       "xsaveopt"
      ],
      "generation": 0,
      "parents": [
       "skylake"
      ]
     }
    },
    "compiler": {
     "name": "gcc",
     "version": "8.3.0"
    },
    "namespace": "builtin",
    "parameters": {
     "patches": [
      "3877ab548f88597ab2327a2230ee048d2d07ace1062efe81fc92e91b7f39cd00",
      "fc9b61654a3ba1a8d6cd78ce087e7c96366c290bc8d2c299f09828d793b853c8"
     ],
     "sigsegv": true,
     "cflags": [],
     "cppflags": [],
     "cxxflags": [],
     "fflags": [],
     "ldflags": [],
     "ldlibs": []
    },
    "patches": [
     "3877ab548f88597ab2327a2230ee048d2d07ace1062efe81fc92e91b7f39cd00",
     "fc9b61654a3ba1a8d6cd78ce087e7c96366c290bc8d2c299f09828d793b853c8"
    ],
    "dependencies": {
     "libsigsegv": {
      "hash": "e3lu4g2u4mxslubju5hntm5znzuclmqz",
      "type": [
       "build",
       "link"
      ]
     }
    },
    "hash": "4ye33p6l3q3xussopo7lade2qttr2qxj"
   }
  },
  "njllf3afarc3f3khcy3ienpqxspk4zt3": {
   "ncurses": {
    "version": "6.1",
    "arch": {
     "platform": "linux",
     "platform_os": "rhel7",
     "target": {
      "name": "skylake_avx512",
      "vendor": "GenuineIntel",
      "features": [
       "adx",
       "aes",
       "avx",
       "avx2",
       "avx512bw",
       "avx512cd",
       "avx512dq",
       "avx512f",
       "avx512vl",
       "bmi1",
       "bmi2",
       "clflushopt",
       "clwb",
       "f16c",
       "fma",
       "mmx",
       "movbe",
       "pclmulqdq",
       "popcnt",
       "rdrand",
       "rdseed",
       "sse",
       "sse2",
       "sse4_1",
       "sse4_2",
       "ssse3",
       "xsavec",
       "xsaveopt"
      ],
      "generation": 0,
      "parents": [
       "skylake"
      ]
     }
    },
    "compiler": {
     "name": "gcc",
     "version": "8.3.0"
    },
    "namespace": "builtin",
    "parameters": {
     "symlinks": false,
     "termlib": false,
     "cflags": [],
     "cppflags": [],
     "cxxflags": [],
     "fflags": [],
     "ldflags": [],
     "ldlibs": []
    },
    "dependencies": {
     "pkgconf": {
      "hash": "uvluypalbawl556447r4agweltv2aqyb",
      "type": [
       "build"
      ]
     }
    },
    "hash": "rodfieptxwvhegtwb7uf2rwqdb4755qa"
   }
  },
  "y5wxnc6njgcxubww6mcb4khmeqwoeptw": {
   "boost": {
    "version": "1.71.0",
    "arch": {
     "platform": "linux",
     "platform_os": "rhel7",
     "target": {
      "name": "skylake_avx512",
      "vendor": "GenuineIntel",
      "features": [
       "adx",
       "aes",
       "avx",
       "avx2",
       "avx512bw",
       "avx512cd",
       "avx512dq",
       "avx512f",
       "avx512vl",
       "bmi1",
       "bmi2",
       "clflushopt",
       "clwb",
       "f16c",
       "fma",
       "mmx",
       "movbe",
       "pclmulqdq",
       "popcnt",
       "rdrand",
       "rdseed",
       "sse",
       "sse2",
       "sse4_1",
       "sse4_2",
       "ssse3",
       "xsavec",
       "xsaveopt"
      ],
      "generation": 0,
      "parents": [
       "skylake"
      ]
     }
    },
    "compiler": {
     "name": "gcc",
     "version": "8.3.0"
    },
    "namespace": "builtin",
    "parameters": {
     "atomic": true,
     "chrono": true,
     "clanglibcpp": false,
     "context": false,
     "coroutine": false,
     "cxxstd": "98",
     "date_time": true,
     "debug": false,
     "exception": true,
     "fiber": false,
     "filesystem": true,
     "graph": true,
     "icu": false,
     "iostreams": true,
     "locale": true,
     "log": true,
     "math": true,
     "mpi": false,
     "multithreaded": true,
     "numpy": false,
     "patches": [
      "2ab6c72d03dec6a4ae20220a9dfd5c8c572c5294252155b85c6874d97c323199"
     ],
     "pic": false,
     "program_options": true,
     "python": false,
     "random": true,
     "regex": true,
     "serialization": true,
     "shared": true,
     "signals": true,
     "singlethreaded": false,
     "system": true,
     "taggedlayout": false,
     "test": true,
     "thread": true,
     "timer": true,
     "versionedlayout": false,
     "visibility": "hidden",
     "wave": true,
     "cflags": [],
     "cppflags": [],
     "cxxflags": [],
     "fflags": [],
     "ldflags": [],
     "ldlibs": []
    },
    "external": {
     "path": "/project/c14/install/arolla/boost/boost_1_71_0",
     "module": null
    },
    "patches": [
     "2ab6c72d03dec6a4ae20220a9dfd5c8c572c5294252155b85c6874d97c323199"
    ],
    "hash": "y5wxnc6njgcxubww6mcb4khmeqwoeptw"
   }
  },
  "cqqgrrm3r25rqsjroe66z7f7apkkt2pp": {
   "cmake": {
    "version": "3.14.5",
    "arch": {
     "platform": "linux",
     "platform_os": "rhel7",
     "target": {
      "name": "skylake_avx512",
      "vendor": "GenuineIntel",
      "features": [
       "adx",
       "aes",
       "avx",
       "avx2",
       "avx512bw",
       "avx512cd",
       "avx512dq",
       "avx512f",
       "avx512vl",
       "bmi1",
       "bmi2",
       "clflushopt",
       "clwb",
       "f16c",
       "fma",
       "mmx",
       "movbe",
       "pclmulqdq",
       "popcnt",
       "rdrand",
       "rdseed",
       "sse",
       "sse2",
       "sse4_1",
       "sse4_2",
       "ssse3",
       "xsavec",
       "xsaveopt"
      ],
      "generation": 0,
      "parents": [
       "skylake"
      ]
     }
    },
    "compiler": {
     "name": "gcc",
     "version": "8.3.0"
    },
    "namespace": "builtin",
    "parameters": {
     "doc": false,
     "ncurses": true,
     "openssl": true,
     "ownlibs": true,
     "qt": false,
     "cflags": [],
     "cppflags": [],
     "cxxflags": [],
     "fflags": [],
     "ldflags": [],
     "ldlibs": []
    },
    "external": {
     "path": "/apps/arolla/UES/jenkins/RH7.6/generic/easybuild/software/CMake/3.14.5",
     "module": "cmake/3.14.5"
    },
    "hash": "cqqgrrm3r25rqsjroe66z7f7apkkt2pp"
   }
  },
  "rqowyp3uebaist3gnirtrmoi33jpnaxp": {
   "libiconv": {
    "version": "1.16",
    "arch": {
     "platform": "linux",
     "platform_os": "rhel7",
     "target": {
      "name": "skylake_avx512",
      "vendor": "GenuineIntel",
      "features": [
       "adx",
       "aes",
       "avx",
       "avx2",
       "avx512bw",
       "avx512cd",
       "avx512dq",
       "avx512f",
       "avx512vl",
       "bmi1",
       "bmi2",
       "clflushopt",
       "clwb",
       "f16c",
       "fma",
       "mmx",
       "movbe",
       "pclmulqdq",
       "popcnt",
       "rdrand",
       "rdseed",
       "sse",
       "sse2",
       "sse4_1",
       "sse4_2",
       "ssse3",
       "xsavec",
       "xsaveopt"
      ],
      "generation": 0,
      "parents": [
       "skylake"
      ]
     }
    },
    "compiler": {
     "name": "gcc",
     "version": "8.3.0"
    },
    "namespace": "builtin",
    "parameters": {
     "cflags": [],
     "cppflags": [],
     "cxxflags": [],
     "fflags": [],
     "ldflags": [],
     "ldlibs": []
    },
    "hash": "rqowyp3uebaist3gnirtrmoi33jpnaxp"
   }
  },
  "srnm6pvg4as2rmsa7jlaukmmjtffhrxb": {
   "hwloc": {
    "version": "1.11.11",
    "arch": {
     "platform": "linux",
     "platform_os": "rhel7",
     "target": {
      "name": "skylake_avx512",
      "vendor": "GenuineIntel",
      "features": [
       "adx",
       "aes",
       "avx",
       "avx2",
       "avx512bw",
       "avx512cd",
       "avx512dq",
       "avx512f",
       "avx512vl",
       "bmi1",
       "bmi2",
       "clflushopt",
       "clwb",
       "f16c",
       "fma",
       "mmx",
       "movbe",
       "pclmulqdq",
       "popcnt",
       "rdrand",
       "rdseed",
       "sse",
       "sse2",
       "sse4_1",
       "sse4_2",
       "ssse3",
       "xsavec",
       "xsaveopt"
      ],
      "generation": 0,
      "parents": [
       "skylake"
      ]
     }
    },
    "compiler": {
     "name": "gcc",
     "version": "8.3.0"
    },
    "namespace": "builtin",
    "parameters": {
     "cairo": false,
     "cuda": false,
     "gl": false,
     "libxml2": true,
     "nvml": false,
     "pci": true,
     "shared": true,
     "cflags": [],
     "cppflags": [],
     "cxxflags": [],
     "fflags": [],
     "ldflags": [],
     "ldlibs": []
    },
    "dependencies": {
     "libpciaccess": {
      "hash": "upke4vj32hsjrfnvfpbml2lx4ern72aj",
      "type": [
       "build",
       "link"
      ]
     },
     "libxml2": {
      "hash": "qlozjih6a5hhdsuocahyklhzwd7dfnsa",
      "type": [
       "build",
       "link"
      ]
     },
     "numactl": {
      "hash": "jkdjyq2g7nq4drw3khuukgkexlj373nc",
      "type": [
       "build",
       "link"
      ]
     },
     "pkgconf": {
      "hash": "uvluypalbawl556447r4agweltv2aqyb",
      "type": [
       "build"
      ]
     }
    },
    "hash": "5eqbmf4w4vtiblxha6kw3aox6zysa4te"
   }
  },
  "upke4vj32hsjrfnvfpbml2lx4ern72aj": {
   "libpciaccess": {
    "version": "0.13.5",
    "arch": {
     "platform": "linux",
     "platform_os": "rhel7",
     "target": {
      "name": "skylake_avx512",
      "vendor": "GenuineIntel",
      "features": [
       "adx",
       "aes",
       "avx",
       "avx2",
       "avx512bw",
       "avx512cd",
       "avx512dq",
       "avx512f",
       "avx512vl",
       "bmi1",
       "bmi2",
       "clflushopt",
       "clwb",
       "f16c",
       "fma",
       "mmx",
       "movbe",
       "pclmulqdq",
       "popcnt",
       "rdrand",
       "rdseed",
       "sse",
       "sse2",
       "sse4_1",
       "sse4_2",
       "ssse3",
       "xsavec",
       "xsaveopt"
      ],
      "generation": 0,
      "parents": [
       "skylake"
      ]
     }
    },
    "compiler": {
     "name": "gcc",
     "version": "8.3.0"
    },
    "namespace": "builtin",
    "parameters": {
     "cflags": [],
     "cppflags": [],
     "cxxflags": [],
     "fflags": [],
     "ldflags": [],
     "ldlibs": []
    },
    "dependencies": {
     "libtool": {
      "hash": "7zwfguvel4bz2f6vz2ajbtjm27h3gwvo",
      "type": [
       "build"
      ]
     },
     "pkgconf": {
      "hash": "uvluypalbawl556447r4agweltv2aqyb",
      "type": [
       "build"
      ]
     },
     "util-macros": {
      "hash": "uwebiev3zsbmk2ekohuir6rwgsxja56b",
      "type": [
       "build"
      ]
     }
    },
    "hash": "etltk2kxttesx7q5zgvx56v3ggs6nowh"
   }
  },
  "ai6b2dksnagpksc4gnrvqsmrymrgokwu": {
   "gridtools-git": {
    "version": "1.1.0",
    "arch": {
     "platform": "linux",
     "platform_os": "rhel7",
     "target": {
      "name": "skylake_avx512",
      "vendor": "GenuineIntel",
      "features": [
       "adx",
       "aes",
       "avx",
       "avx2",
       "avx512bw",
       "avx512cd",
       "avx512dq",
       "avx512f",
       "avx512vl",
       "bmi1",
       "bmi2",
       "clflushopt",
       "clwb",
       "f16c",
       "fma",
       "mmx",
       "movbe",
       "pclmulqdq",
       "popcnt",
       "rdrand",
       "rdseed",
       "sse",
       "sse2",
       "sse4_1",
       "sse4_2",
       "ssse3",
       "xsavec",
       "xsaveopt"
      ],
      "generation": 0,
      "parents": [
       "skylake"
      ]
     }
    },
    "compiler": {
     "name": "gcc",
     "version": "8.3.0"
    },
    "namespace": "mch",
    "parameters": {
     "build_type": "RelWithDebInfo",
     "cflags": [],
     "cppflags": [],
     "cxxflags": [],
     "fflags": [],
     "ldflags": [],
     "ldlibs": []
    },
    "dependencies": {
     "boost": {
      "hash": "y5wxnc6njgcxubww6mcb4khmeqwoeptw",
      "type": [
       "build",
       "link"
      ]
     },
     "cmake": {
      "hash": "cqqgrrm3r25rqsjroe66z7f7apkkt2pp",
      "type": [
       "build",
       "link"
      ]
     },
     "ncurses": {
      "hash": "njllf3afarc3f3khcy3ienpqxspk4zt3",
      "type": [
       "build",
       "link"
      ]
     },
     "openmpi": {
      "hash": "fjtkphgcieytm7tgzk5ev7pzhfhijm6o",
      "type": [
       "build",
       "link"
      ]
     }
    },
    "hash": "zyevc6tlk25vcvv65xh6n2dfvitesbfw"
   }
  },
  "l6ijc74sekrc2h547nsccfq45m4kjhr4": {
   "xz": {
    "version": "5.2.4",
    "arch": {
     "platform": "linux",
     "platform_os": "rhel7",
     "target": {
      "name": "skylake_avx512",
      "vendor": "GenuineIntel",
      "features": [
       "adx",
       "aes",
       "avx",
       "avx2",
       "avx512bw",
       "avx512cd",
       "avx512dq",
       "avx512f",
       "avx512vl",
       "bmi1",
       "bmi2",
       "clflushopt",
       "clwb",
       "f16c",
       "fma",
       "mmx",
       "movbe",
       "pclmulqdq",
       "popcnt",
       "rdrand",
       "rdseed",
       "sse",
       "sse2",
       "sse4_1",
       "sse4_2",
       "ssse3",
       "xsavec",
       "xsaveopt"
      ],
      "generation": 0,
      "parents": [
       "skylake"
      ]
     }
    },
    "compiler": {
     "name": "gcc",
     "version": "8.3.0"
    },
    "namespace": "builtin",
    "parameters": {
     "cflags": [],
     "cppflags": [],
     "cxxflags": [],
     "fflags": [],
     "ldflags": [],
     "ldlibs": []
    },
    "hash": "l6ijc74sekrc2h547nsccfq45m4kjhr4"
   }
  },
  "wtfufgkefxirrroqyqphj24xygfrnuhe": {
   "boost": {
    "version": "1.71.9",
    "arch": {
     "platform": "linux",
     "platform_os": "rhel7",
     "target": {
      "name": "skylake_avx512",
      "vendor": "GenuineIntel",
      "features": [
       "adx",
       "aes",
       "avx",
       "avx2",
       "avx512bw",
       "avx512cd",
       "avx512dq",
       "avx512f",
       "avx512vl",
       "bmi1",
       "bmi2",
       "clflushopt",
       "clwb",
       "f16c",
       "fma",
       "mmx",
       "movbe",
       "pclmulqdq",
       "popcnt",
       "rdrand",
       "rdseed",
       "sse",
       "sse2",
       "sse4_1",
       "sse4_2",
       "ssse3",
       "xsavec",
       "xsaveopt"
      ],
      "generation": 0,
      "parents": [
       "skylake"
      ]
     }
    },
    "compiler": {
     "name": "gcc",
     "version": "8.3.0"
    },
    "namespace": "builtin",
    "parameters": {
     "atomic": true,
     "chrono": true,
     "clanglibcpp": false,
     "context": false,
     "coroutine": false,
     "cxxstd": "98",
     "date_time": true,
     "debug": false,
     "exception": true,
     "fiber": false,
     "filesystem": true,
     "graph": true,
     "icu": false,
     "iostreams": true,
     "locale": true,
     "log": true,
     "math": true,
     "mpi": false,
     "multithreaded": true,
     "numpy": false,
     "patches": [
      "2ab6c72d03dec6a4ae20220a9dfd5c8c572c5294252155b85c6874d97c323199"
     ],
     "pic": false,
     "program_options": true,
     "python": false,
     "random": true,
     "regex": true,
     "serialization": true,
     "shared": true,
     "signals": true,
     "singlethreaded": false,
     "system": true,
     "taggedlayout": false,
     "test": true,
     "thread": true,
     "timer": true,
     "versionedlayout": false,
     "visibility": "hidden",
     "wave": true,
     "cflags": [],
     "cppflags": [],
     "cxxflags": [],
     "fflags": [],
     "ldflags": [],
     "ldlibs": []
    },
    "external": {
     "path": "/project/c14/install/arolla/boost/boost_1_71_0",
     "module": null
    },
    "patches": [
     "2ab6c72d03dec6a4ae20220a9dfd5c8c572c5294252155b85c6874d97c323199"
    ],
    "hash": "wtfufgkefxirrroqyqphj24xygfrnuhe"
   }
  },
  "fjtkphgcieytm7tgzk5ev7pzhfhijm6o": {
   "openmpi": {
    "version": "3.1.4",
    "arch": {
     "platform": "linux",
     "platform_os": "rhel7",
     "target": {
      "name": "skylake_avx512",
      "vendor": "GenuineIntel",
      "features": [
       "adx",
       "aes",
       "avx",
       "avx2",
       "avx512bw",
       "avx512cd",
       "avx512dq",
       "avx512f",
       "avx512vl",
       "bmi1",
       "bmi2",
       "clflushopt",
       "clwb",
       "f16c",
       "fma",
       "mmx",
       "movbe",
       "pclmulqdq",
       "popcnt",
       "rdrand",
       "rdseed",
       "sse",
       "sse2",
       "sse4_1",
       "sse4_2",
       "ssse3",
       "xsavec",
       "xsaveopt"
      ],
      "generation": 0,
      "parents": [
       "skylake"
      ]
     }
    },
    "compiler": {
     "name": "gcc",
     "version": "8.3.0"
    },
    "namespace": "builtin",
    "parameters": {
     "cuda": false,
     "cxx_exceptions": true,
     "fabrics": [
      "none"
     ],
     "java": false,
     "legacylaunchers": false,
     "memchecker": false,
     "pmi": false,
     "schedulers": [
      "none"
     ],
     "sqlite3": false,
     "thread_multiple": false,
     "vt": true,
     "cflags": [],
     "cppflags": [],
     "cxxflags": [],
     "fflags": [],
     "ldflags": [],
     "ldlibs": []
    },
    "dependencies": {
     "hwloc": {
      "hash": "srnm6pvg4as2rmsa7jlaukmmjtffhrxb",
      "type": [
       "build",
       "link"
      ]
     },
     "numactl": {
      "hash": "jkdjyq2g7nq4drw3khuukgkexlj373nc",
      "type": [
       "build",
       "link"
      ]
     },
     "zlib": {
      "hash": "7ngitcavbjrrpjxfzsxnyidh3wjctg3g",
      "type": [
       "build",
       "link"
      ]
     }
    },
    "hash": "nswaztnyn4cltgaae7ecvvayebzz7t7i"
   }
  },
  "w3zqkb6hbs6uwdqkxocdr2xxpyoymiap": {
   "gridtools-git": {
    "version": "1.1.0",
    "arch": {
     "platform": "linux",
     "platform_os": "rhel7",
     "target": {
      "name": "skylake_avx512",
      "vendor": "GenuineIntel",
      "features": [
       "adx",
       "aes",
       "avx",
       "avx2",
       "avx512bw",
       "avx512cd",
       "avx512dq",
       "avx512f",
       "avx512vl",
       "bmi1",
       "bmi2",
       "clflushopt",
       "clwb",
       "f16c",
       "fma",
       "mmx",
       "movbe",
       "pclmulqdq",
       "popcnt",
       "rdrand",
       "rdseed",
       "sse",
       "sse2",
       "sse4_1",
       "sse4_2",
       "ssse3",
       "xsavec",
       "xsaveopt"
      ],
      "generation": 0,
      "parents": [
       "skylake"
      ]
     }
    },
    "compiler": {
     "name": "gcc",
     "version": "8.3.0"
    },
    "namespace": "mch",
    "parameters": {
     "build_type": "RelWithDebInfo",
     "cflags": [],
     "cppflags": [],
     "cxxflags": [],
     "fflags": [],
     "ldflags": [],
     "ldlibs": []
    },
    "dependencies": {
     "boost": {
      "hash": "wtfufgkefxirrroqyqphj24xygfrnuhe",
      "type": [
       "build",
       "link"
      ]
     },
     "cmake": {
      "hash": "cqqgrrm3r25rqsjroe66z7f7apkkt2pp",
      "type": [
       "build",
       "link"
      ]
     },
     "ncurses": {
      "hash": "njllf3afarc3f3khcy3ienpqxspk4zt3",
      "type": [
       "build",
       "link"
      ]
     },
     "openmpi": {
      "hash": "fjtkphgcieytm7tgzk5ev7pzhfhijm6o",
      "type": [
       "build",
       "link"
      ]
     }
    },
    "hash": "ovn4oarjokpuvp4cnoatvin2hnlb56kk"
   }
  }
 },
 "_meta": {
  "lockfile-version": 2,
  "file-type": "spack-lockfile"
 },
 "roots": [
  {
   "hash": "qlozjih6a5hhdsuocahyklhzwd7dfnsa",
   "spec": "libxml2"
  },
  {
   "hash": "w3zqkb6hbs6uwdqkxocdr2xxpyoymiap",
   "spec": "gridtools-git"
  },
  {
   "hash": "iszt24das3ngtcbkxcwcfqlavtfb7cm2",
   "spec": "cosmo-dycore"
  },
  {
   "hash": "ai6b2dksnagpksc4gnrvqsmrymrgokwu",
   "spec": "gridtools-git"
  },
  {
   "hash": "ai6b2dksnagpksc4gnrvqsmrymrgokwu",
   "spec": "gridtools-git"
  },
  {
   "hash": "e25gf4mu2rrseob7fsqivj3zjguqzfz2",
   "spec": "serialbox%gcc@8.3.0"
  },
  {
   "hash": "rqowyp3uebaist3gnirtrmoi33jpnaxp",
   "spec": "libiconv"
  }
 ]
}