{
 "concrete_specs": {
  "etim725gzp2fysreudxavx3q7i525q2b": {
   "libgrib1": {
    "version": "2019-11-22",
    "arch": {
     "platform": "linux",
     "platform_os": "rhel7",
     "target": {
      "name": "skylake_avx512",
      "vendor": "GenuineIntel",
      "features": [
       "adx",
       "aes",
       "avx",
       "avx2",
       "avx512bw",
       "avx512cd",
       "avx512dq",
       "avx512f",
       "avx512vl",
       "bmi1",
       "bmi2",
       "clflushopt",
       "clwb",
       "f16c",
       "fma",
       "mmx",
       "movbe",
       "pclmulqdq",
       "popcnt",
       "rdrand",
       "rdseed",
       "sse",
       "sse2",
       "sse4_1",
       "sse4_2",
       "ssse3",
       "xsavec",
       "xsaveopt"
      ],
      "generation": 0,
      "parents": [
       "skylake"
      ]
     }
    },
    "compiler": {
     "name": "pgi",
     "version": "19.9"
    },
    "namespace": "mch",
    "parameters": {
     "cflags": [],
     "cppflags": [],
     "cxxflags": [],
     "fflags": [],
     "ldflags": [],
     "ldlibs": []
    },
    "hash": "etim725gzp2fysreudxavx3q7i525q2b"
   }
  },
  "uvluypalbawl556447r4agweltv2aqyb": {
   "pkgconf": {
    "version": "1.6.3",
    "arch": {
     "platform": "linux",
     "platform_os": "rhel7",
     "target": {
      "name": "skylake_avx512",
      "vendor": "GenuineIntel",
      "features": [
       "adx",
       "aes",
       "avx",
       "avx2",
       "avx512bw",
       "avx512cd",
       "avx512dq",
       "avx512f",
       "avx512vl",
       "bmi1",
       "bmi2",
       "clflushopt",
       "clwb",
       "f16c",
       "fma",
       "mmx",
       "movbe",
       "pclmulqdq",
       "popcnt",
       "rdrand",
       "rdseed",
       "sse",
       "sse2",
       "sse4_1",
       "sse4_2",
       "ssse3",
       "xsavec",
       "xsaveopt"
      ],
      "generation": 0,
      "parents": [
       "skylake"
      ]
     }
    },
    "compiler": {
     "name": "gcc",
     "version": "8.3.0"
    },
    "namespace": "builtin",
    "parameters": {
     "cflags": [],
     "cppflags": [],
     "cxxflags": [],
     "fflags": [],
     "ldflags": [],
     "ldlibs": []
    },
    "hash": "uvluypalbawl556447r4agweltv2aqyb"
   }
  },
  "ety32me3wwdufu4o6lsf4bdzqwynfmvz": {
   "libjpeg-turbo": {
    "version": "2.0.3",
    "arch": {
     "platform": "linux",
     "platform_os": "rhel7",
     "target": {
      "name": "skylake_avx512",
      "vendor": "GenuineIntel",
      "features": [
       "adx",
       "aes",
       "avx",
       "avx2",
       "avx512bw",
       "avx512cd",
       "avx512dq",
       "avx512f",
       "avx512vl",
       "bmi1",
       "bmi2",
       "clflushopt",
       "clwb",
       "f16c",
       "fma",
       "mmx",
       "movbe",
       "pclmulqdq",
       "popcnt",
       "rdrand",
       "rdseed",
       "sse",
       "sse2",
       "sse4_1",
       "sse4_2",
       "ssse3",
       "xsavec",
       "xsaveopt"
      ],
      "generation": 0,
      "parents": [
       "skylake"
      ]
     }
    },
    "compiler": {
     "name": "pgi",
     "version": "19.9"
    },
    "namespace": "builtin",
    "parameters": {
     "cflags": [],
     "cppflags": [],
     "cxxflags": [],
     "fflags": [],
     "ldflags": [],
     "ldlibs": []
    },
    "dependencies": {
     "cmake": {
      "hash": "7ilsterojruem4u3dq2vpcyw5vx74pb5",
      "type": [
       "build"
      ]
     },
     "nasm": {
      "hash": "m56bw54tdb4qt6jtot4oaqznh3hfscjn",
      "type": [
       "build"
      ]
     }
    },
    "hash": "lhrwc7tdwbomy7dmgv344gy6dysqenuz"
   }
  },
  "wb57smmuwhdlxk3lx2ghwtlaj32mc3hp": {
   "jasper": {
    "version": "2.0.14",
    "arch": {
     "platform": "linux",
     "platform_os": "rhel7",
     "target": {
      "name": "skylake_avx512",
      "vendor": "GenuineIntel",
      "features": [
       "adx",
       "aes",
       "avx",
       "avx2",
       "avx512bw",
       "avx512cd",
       "avx512dq",
       "avx512f",
       "avx512vl",
       "bmi1",
       "bmi2",
       "clflushopt",
       "clwb",
       "f16c",
       "fma",
       "mmx",
       "movbe",
       "pclmulqdq",
       "popcnt",
       "rdrand",
       "rdseed",
       "sse",
       "sse2",
       "sse4_1",
       "sse4_2",
       "ssse3",
       "xsavec",
       "xsaveopt"
      ],
      "generation": 0,
      "parents": [
       "skylake"
      ]
     }
    },
    "compiler": {
     "name": "pgi",
     "version": "19.9"
    },
    "namespace": "builtin",
    "parameters": {
     "build_type": "Release",
     "jpeg": true,
     "opengl": false,
     "shared": true,
     "cflags": [],
     "cppflags": [],
     "cxxflags": [],
     "fflags": [],
     "ldflags": [],
     "ldlibs": []
    },
    "dependencies": {
     "cmake": {
      "hash": "7ilsterojruem4u3dq2vpcyw5vx74pb5",
      "type": [
       "build"
      ]
     },
     "libjpeg-turbo": {
      "hash": "ety32me3wwdufu4o6lsf4bdzqwynfmvz",
      "type": [
       "build",
       "link"
      ]
     }
    },
    "hash": "w5op7kifwvsvzta5j3cdbaokd27vc72z"
   }
  },
  "ixhwolceri3spkpzseihrve5hozgf55k": {
   "libgrib1": {
    "version": "2019-11-22",
    "arch": {
     "platform": "linux",
     "platform_os": "rhel7",
     "target": {
      "name": "skylake_avx512",
      "vendor": "GenuineIntel",
      "features": [
       "adx",
       "aes",
       "avx",
       "avx2",
       "avx512bw",
       "avx512cd",
       "avx512dq",
       "avx512f",
       "avx512vl",
       "bmi1",
       "bmi2",
       "clflushopt",
       "clwb",
       "f16c",
       "fma",
       "mmx",
       "movbe",
       "pclmulqdq",
       "popcnt",
       "rdrand",
       "rdseed",
       "sse",
       "sse2",
       "sse4_1",
       "sse4_2",
       "ssse3",
       "xsavec",
       "xsaveopt"
      ],
      "generation": 0,
      "parents": [
       "skylake"
      ]
     }
    },
    "compiler": {
     "name": "gcc",
     "version": "6.1"
    },
    "namespace": "mch",
    "parameters": {
     "cflags": [],
     "cppflags": [],
     "cxxflags": [],
     "fflags": [],
     "ldflags": [],
     "ldlibs": []
    },
    "hash": "ixhwolceri3spkpzseihrve5hozgf55k"
   }
  },
  "5yvs23piqwlj3ry4rwcnxeovzx47vvr6": {
   "openjpeg": {
    "version": "1.5.2",
    "arch": {
     "platform": "linux",
     "platform_os": "rhel7",
     "target": {
      "name": "skylake_avx512",
      "vendor": "GenuineIntel",
      "features": [
       "adx",
       "aes",
       "avx",
       "avx2",
       "avx512bw",
       "avx512cd",
       "avx512dq",
       "avx512f",
       "avx512vl",
       "bmi1",
       "bmi2",
       "clflushopt",
       "clwb",
       "f16c",
       "fma",
       "mmx",
       "movbe",
       "pclmulqdq",
       "popcnt",
       "rdrand",
       "rdseed",
       "sse",
       "sse2",
       "sse4_1",
       "sse4_2",
       "ssse3",
       "xsavec",
       "xsaveopt"
      ],
      "generation": 0,
      "parents": [
       "skylake"
      ]
     }
    },
    "compiler": {
     "name": "pgi",
     "version": "19.9"
    },
    "namespace": "builtin",
    "parameters": {
     "build_type": "RelWithDebInfo",
     "cflags": [],
     "cppflags": [],
     "cxxflags": [],
     "fflags": [],
     "ldflags": [],
     "ldlibs": []
    },
    "dependencies": {
     "cmake": {
      "hash": "7ilsterojruem4u3dq2vpcyw5vx74pb5",
      "type": [
       "build"
      ]
     },
     "zlib": {
      "hash": "abbjtzctmu7ysdncyxpknxz7n3jk2ufw",
      "type": [
       "build",
       "link"
      ]
     }
    },
    "hash": "fymubpi5qg6k26vlcqmig7f7fwbkqjcs"
   }
  },
  "7ilsterojruem4u3dq2vpcyw5vx74pb5": {
   "cmake": {
    "version": "3.14.5",
    "arch": {
     "platform": "linux",
     "platform_os": "rhel7",
     "target": {
      "name": "skylake_avx512",
      "vendor": "GenuineIntel",
      "features": [
       "adx",
       "aes",
       "avx",
       "avx2",
       "avx512bw",
       "avx512cd",
       "avx512dq",
       "avx512f",
       "avx512vl",
       "bmi1",
       "bmi2",
       "clflushopt",
       "clwb",
       "f16c",
       "fma",
       "mmx",
       "movbe",
       "pclmulqdq",
       "popcnt",
       "rdrand",
       "rdseed",
       "sse",
       "sse2",
       "sse4_1",
       "sse4_2",
       "ssse3",
       "xsavec",
       "xsaveopt"
      ],
      "generation": 0,
      "parents": [
       "skylake"
      ]
     }
    },
    "compiler": {
     "name": "pgi",
     "version": "19.9"
    },
    "namespace": "builtin",
    "parameters": {
     "doc": false,
     "ncurses": true,
     "openssl": true,
     "ownlibs": true,
     "qt": false,
     "cflags": [],
     "cppflags": [],
     "cxxflags": [],
     "fflags": [],
     "ldflags": [],
     "ldlibs": []
    },
    "external": {
     "path": "/apps/arolla/UES/jenkins/RH7.6/generic/easybuild/software/CMake/3.14.5",
     "module": "cmake/3.14.5"
    },
    "hash": "7ilsterojruem4u3dq2vpcyw5vx74pb5"
   }
  },
  "hj2vxekbcvvias3gh6vicksqnq4goyws": {
   "openmpi": {
    "version": "4.0.2",
    "arch": {
     "platform": "linux",
     "platform_os": "rhel7",
     "target": {
      "name": "skylake_avx512",
      "vendor": "GenuineIntel",
      "features": [
       "adx",
       "aes",
       "avx",
       "avx2",
       "avx512bw",
       "avx512cd",
       "avx512dq",
       "avx512f",
       "avx512vl",
       "bmi1",
       "bmi2",
       "clflushopt",
       "clwb",
       "f16c",
       "fma",
       "mmx",
       "movbe",
       "pclmulqdq",
       "popcnt",
       "rdrand",
       "rdseed",
       "sse",
       "sse2",
       "sse4_1",
       "sse4_2",
       "ssse3",
       "xsavec",
       "xsaveopt"
      ],
      "generation": 0,
      "parents": [
       "skylake"
      ]
     }
    },
    "compiler": {
     "name": "pgi",
     "version": "19.9"
    },
    "namespace": "builtin",
    "parameters": {
     "cuda": false,
     "cxx_exceptions": true,
     "fabrics": [
      "none"
     ],
     "java": false,
     "legacylaunchers": false,
     "memchecker": false,
     "pmi": false,
     "schedulers": [
      "none"
     ],
     "sqlite3": false,
     "thread_multiple": false,
     "vt": true,
     "cflags": [],
     "cppflags": [],
     "cxxflags": [],
     "fflags": [],
     "ldflags": [],
     "ldlibs": []
    },
    "external": {
     "path": "/apps/arolla/UES/jenkins/RH7.6/pgi/19.9/easybuild/software/OpenMPI/4.0.2-PGI-19.9-GCC-8.3.0-cuda-10.1",
     "module": null
    },
    "hash": "hj2vxekbcvvias3gh6vicksqnq4goyws"
   }
  },
  "abbjtzctmu7ysdncyxpknxz7n3jk2ufw": {
   "zlib": {
    "version": "1.2.11",
    "arch": {
     "platform": "linux",
     "platform_os": "rhel7",
     "target": {
      "name": "skylake_avx512",
      "vendor": "GenuineIntel",
      "features": [
       "adx",
       "aes",
       "avx",
       "avx2",
       "avx512bw",
       "avx512cd",
       "avx512dq",
       "avx512f",
       "avx512vl",
       "bmi1",
       "bmi2",
       "clflushopt",
       "clwb",
       "f16c",
       "fma",
       "mmx",
       "movbe",
       "pclmulqdq",
       "popcnt",
       "rdrand",
       "rdseed",
       "sse",
       "sse2",
       "sse4_1",
       "sse4_2",
       "ssse3",
       "xsavec",
       "xsaveopt"
      ],
      "generation": 0,
      "parents": [
       "skylake"
      ]
     }
    },
    "compiler": {
     "name": "pgi",
     "version": "19.9"
    },
    "namespace": "builtin",
    "parameters": {
     "optimize": true,
     "pic": true,
     "shared": true,
     "cflags": [],
     "cppflags": [],
     "cxxflags": [],
     "fflags": [],
     "ldflags": [],
     "ldlibs": []
    },
    "hash": "abbjtzctmu7ysdncyxpknxz7n3jk2ufw"
   }
  },
  "njllf3afarc3f3khcy3ienpqxspk4zt3": {
   "ncurses": {
    "version": "6.1",
    "arch": {
     "platform": "linux",
     "platform_os": "rhel7",
     "target": {
      "name": "skylake_avx512",
      "vendor": "GenuineIntel",
      "features": [
       "adx",
       "aes",
       "avx",
       "avx2",
       "avx512bw",
       "avx512cd",
       "avx512dq",
       "avx512f",
       "avx512vl",
       "bmi1",
       "bmi2",
       "clflushopt",
       "clwb",
       "f16c",
       "fma",
       "mmx",
       "movbe",
       "pclmulqdq",
       "popcnt",
       "rdrand",
       "rdseed",
       "sse",
       "sse2",
       "sse4_1",
       "sse4_2",
       "ssse3",
       "xsavec",
       "xsaveopt"
      ],
      "generation": 0,
      "parents": [
       "skylake"
      ]
     }
    },
    "compiler": {
     "name": "gcc",
     "version": "8.3.0"
    },
    "namespace": "builtin",
    "parameters": {
     "symlinks": false,
     "termlib": false,
     "cflags": [],
     "cppflags": [],
     "cxxflags": [],
     "fflags": [],
     "ldflags": [],
     "ldlibs": []
    },
    "dependencies": {
     "pkgconf": {
      "hash": "uvluypalbawl556447r4agweltv2aqyb",
      "type": [
       "build"
      ]
     }
    },
    "hash": "rodfieptxwvhegtwb7uf2rwqdb4755qa"
   }
  },
  "lptrkl3qeyyzqczfkv2zsxbczlc6hs72": {
   "serialbox": {
    "version": "2.5.4",
    "arch": {
     "platform": "linux",
     "platform_os": "rhel7",
     "target": {
      "name": "skylake_avx512",
      "vendor": "GenuineIntel",
      "features": [
       "adx",
       "aes",
       "avx",
       "avx2",
       "avx512bw",
       "avx512cd",
       "avx512dq",
       "avx512f",
       "avx512vl",
       "bmi1",
       "bmi2",
       "clflushopt",
       "clwb",
       "f16c",
       "fma",
       "mmx",
       "movbe",
       "pclmulqdq",
       "popcnt",
       "rdrand",
       "rdseed",
       "sse",
       "sse2",
       "sse4_1",
       "sse4_2",
       "ssse3",
       "xsavec",
       "xsaveopt"
      ],
      "generation": 0,
      "parents": [
       "skylake"
      ]
     }
    },
    "compiler": {
     "name": "pgi",
     "version": "19.9-gcc"
    },
    "namespace": "mch",
    "parameters": {
     "build_type": "RelWithDebInfo",
     "cflags": [],
     "cppflags": [],
     "cxxflags": [],
     "fflags": [],
     "ldflags": [],
     "ldlibs": []
    },
    "dependencies": {
     "boost": {
      "hash": "avd67ew7grcwdgifuztwq4fhrfxdlbh3",
      "type": [
       "build",
       "link"
      ]
     },
     "cmake": {
      "hash": "fd7i2dhi3fhrjuyh6qyo75lyjr4poyxq",
      "type": [
       "build"
      ]
     }
    },
    "hash": "umwxjfzdjb67ol5pocbapgvimzrhckxm"
   }
  },
  "avd67ew7grcwdgifuztwq4fhrfxdlbh3": {
   "boost": {
    "version": "1.71.0",
    "arch": {
     "platform": "linux",
     "platform_os": "rhel7",
     "target": {
      "name": "skylake_avx512",
      "vendor": "GenuineIntel",
      "features": [
       "adx",
       "aes",
       "avx",
       "avx2",
       "avx512bw",
       "avx512cd",
       "avx512dq",
       "avx512f",
       "avx512vl",
       "bmi1",
       "bmi2",
       "clflushopt",
       "clwb",
       "f16c",
       "fma",
       "mmx",
       "movbe",
       "pclmulqdq",
       "popcnt",
       "rdrand",
       "rdseed",
       "sse",
       "sse2",
       "sse4_1",
       "sse4_2",
       "ssse3",
       "xsavec",
       "xsaveopt"
      ],
      "generation": 0,
      "parents": [
       "skylake"
      ]
     }
    },
    "compiler": {
     "name": "pgi",
     "version": "19.9-gcc"
    },
    "namespace": "builtin",
    "parameters": {
     "atomic": true,
     "chrono": true,
     "clanglibcpp": false,
     "context": false,
     "coroutine": false,
     "cxxstd": "98",
     "date_time": true,
     "debug": false,
     "exception": true,
     "fiber": false,
     "filesystem": true,
     "graph": true,
     "icu": false,
     "iostreams": true,
     "locale": true,
     "log": true,
     "math": true,
     "mpi": false,
     "multithreaded": true,
     "numpy": false,
     "patches": [
      "2ab6c72d03dec6a4ae20220a9dfd5c8c572c5294252155b85c6874d97c323199"
     ],
     "pic": false,
     "program_options": true,
     "python": false,
     "random": true,
     "regex": true,
     "serialization": true,
     "shared": true,
     "signals": true,
     "singlethreaded": false,
     "system": true,
     "taggedlayout": false,
     "test": true,
     "thread": true,
     "timer": true,
     "versionedlayout": false,
     "visibility": "hidden",
     "wave": true,
     "cflags": [],
     "cppflags": [],
     "cxxflags": [],
     "fflags": [],
     "ldflags": [],
     "ldlibs": []
    },
    "external": {
     "path": "/project/c14/install/arolla/boost/boost_1_71_0",
     "module": null
    },
    "patches": [
     "2ab6c72d03dec6a4ae20220a9dfd5c8c572c5294252155b85c6874d97c323199"
    ],
    "hash": "avd67ew7grcwdgifuztwq4fhrfxdlbh3"
   }
  },
  "m56bw54tdb4qt6jtot4oaqznh3hfscjn": {
   "nasm": {
    "version": "2.14.02",
    "arch": {
     "platform": "linux",
     "platform_os": "rhel7",
     "target": {
      "name": "skylake_avx512",
      "vendor": "GenuineIntel",
      "features": [
       "adx",
       "aes",
       "avx",
       "avx2",
       "avx512bw",
       "avx512cd",
       "avx512dq",
       "avx512f",
       "avx512vl",
       "bmi1",
       "bmi2",
       "clflushopt",
       "clwb",
       "f16c",
       "fma",
       "mmx",
       "movbe",
       "pclmulqdq",
       "popcnt",
       "rdrand",
       "rdseed",
       "sse",
       "sse2",
       "sse4_1",
       "sse4_2",
       "ssse3",
       "xsavec",
       "xsaveopt"
      ],
      "generation": 0,
      "parents": [
       "skylake"
      ]
     }
    },
    "compiler": {
     "name": "pgi",
     "version": "19.9"
    },
    "namespace": "builtin",
    "parameters": {
     "cflags": [],
     "cppflags": [],
     "cxxflags": [],
     "fflags": [],
     "ldflags": [],
     "ldlibs": []
    },
    "hash": "m56bw54tdb4qt6jtot4oaqznh3hfscjn"
   }
  },
  "y5wxnc6njgcxubww6mcb4khmeqwoeptw": {
   "boost": {
    "version": "1.71.0",
    "arch": {
     "platform": "linux",
     "platform_os": "rhel7",
     "target": {
      "name": "skylake_avx512",
      "vendor": "GenuineIntel",
      "features": [
       "adx",
       "aes",
       "avx",
       "avx2",
       "avx512bw",
       "avx512cd",
       "avx512dq",
       "avx512f",
       "avx512vl",
       "bmi1",
       "bmi2",
       "clflushopt",
       "clwb",
       "f16c",
       "fma",
       "mmx",
       "movbe",
       "pclmulqdq",
       "popcnt",
       "rdrand",
       "rdseed",
       "sse",
       "sse2",
       "sse4_1",
       "sse4_2",
       "ssse3",
       "xsavec",
       "xsaveopt"
      ],
      "generation": 0,
      "parents": [
       "skylake"
      ]
     }
    },
    "compiler": {
     "name": "gcc",
     "version": "8.3.0"
    },
    "namespace": "builtin",
    "parameters": {
     "atomic": true,
     "chrono": true,
     "clanglibcpp": false,
     "context": false,
     "coroutine": false,
     "cxxstd": "98",
     "date_time": true,
     "debug": false,
     "exception": true,
     "fiber": false,
     "filesystem": true,
     "graph": true,
     "icu": false,
     "iostreams": true,
     "locale": true,
     "log": true,
     "math": true,
     "mpi": false,
     "multithreaded": true,
     "numpy": false,
     "patches": [
      "2ab6c72d03dec6a4ae20220a9dfd5c8c572c5294252155b85c6874d97c323199"
     ],
     "pic": false,
     "program_options": true,
     "python": false,
     "random": true,
     "regex": true,
     "serialization": true,
     "shared": true,
     "signals": true,
     "singlethreaded": false,
     "system": true,
     "taggedlayout": false,
     "test": true,
     "thread": true,
     "timer": true,
     "versionedlayout": false,
     "visibility": "hidden",
     "wave": true,
     "cflags": [],
     "cppflags": [],
     "cxxflags": [],
     "fflags": [],
     "ldflags": [],
     "ldlibs": []
    },
    "external": {
     "path": "/project/c14/install/arolla/boost/boost_1_71_0",
     "module": null
    },
    "patches": [
     "2ab6c72d03dec6a4ae20220a9dfd5c8c572c5294252155b85c6874d97c323199"
    ],
    "hash": "y5wxnc6njgcxubww6mcb4khmeqwoeptw"
   }
  },
  "cqqgrrm3r25rqsjroe66z7f7apkkt2pp": {
   "cmake": {
    "version": "3.14.5",
    "arch": {
     "platform": "linux",
     "platform_os": "rhel7",
     "target": {
      "name": "skylake_avx512",
      "vendor": "GenuineIntel",
      "features": [
       "adx",
       "aes",
       "avx",
       "avx2",
       "avx512bw",
       "avx512cd",
       "avx512dq",
       "avx512f",
       "avx512vl",
       "bmi1",
       "bmi2",
       "clflushopt",
       "clwb",
       "f16c",
       "fma",
       "mmx",
       "movbe",
       "pclmulqdq",
       "popcnt",
       "rdrand",
       "rdseed",
       "sse",
       "sse2",
       "sse4_1",
       "sse4_2",
       "ssse3",
       "xsavec",
       "xsaveopt"
      ],
      "generation": 0,
      "parents": [
       "skylake"
      ]
     }
    },
    "compiler": {
     "name": "gcc",
     "version": "8.3.0"
    },
    "namespace": "builtin",
    "parameters": {
     "doc": false,
     "ncurses": true,
     "openssl": true,
     "ownlibs": true,
     "qt": false,
     "cflags": [],
     "cppflags": [],
     "cxxflags": [],
     "fflags": [],
     "ldflags": [],
     "ldlibs": []
    },
    "external": {
     "path": "/apps/arolla/UES/jenkins/RH7.6/generic/easybuild/software/CMake/3.14.5",
     "module": "cmake/3.14.5"
    },
    "hash": "cqqgrrm3r25rqsjroe66z7f7apkkt2pp"
   }
  },
  "pvh6hnlv2664p2cpiiytbxgbcvqfr6bt": {
   "libgrib1": {
    "version": "2019-11-22",
    "arch": {
     "platform": "linux",
     "platform_os": "rhel7",
     "target": {
      "name": "skylake_avx512",
      "vendor": "GenuineIntel",
      "features": [
       "adx",
       "aes",
       "avx",
       "avx2",
       "avx512bw",
       "avx512cd",
       "avx512dq",
       "avx512f",
       "avx512vl",
       "bmi1",
       "bmi2",
       "clflushopt",
       "clwb",
       "f16c",
       "fma",
       "mmx",
       "movbe",
       "pclmulqdq",
       "popcnt",
       "rdrand",
       "rdseed",
       "sse",
       "sse2",
       "sse4_1",
       "sse4_2",
       "ssse3",
       "xsavec",
       "xsaveopt"
      ],
      "generation": 0,
      "parents": [
       "skylake"
      ]
     }
    },
    "compiler": {
     "name": "gcc",
     "version": "8.3.0"
    },
    "namespace": "mch",
    "parameters": {
     "cflags": [],
     "cppflags": [],
     "cxxflags": [],
     "fflags": [],
     "ldflags": [],
     "ldlibs": []
    },
    "hash": "pvh6hnlv2664p2cpiiytbxgbcvqfr6bt"
   }
  },
  "hwqfybieruv6b7oi43j64gaggfsi5ua2": {
   "grib-api": {
    "version": "1.20.0.2",
    "arch": {
     "platform": "linux",
     "platform_os": "rhel7",
     "target": {
      "name": "skylake_avx512",
      "vendor": "GenuineIntel",
      "features": [
       "adx",
       "aes",
       "avx",
       "avx2",
       "avx512bw",
       "avx512cd",
       "avx512dq",
       "avx512f",
       "avx512vl",
       "bmi1",
       "bmi2",
       "clflushopt",
       "clwb",
       "f16c",
       "fma",
       "mmx",
       "movbe",
       "pclmulqdq",
       "popcnt",
       "rdrand",
       "rdseed",
       "sse",
       "sse2",
       "sse4_1",
       "sse4_2",
       "ssse3",
       "xsavec",
       "xsaveopt"
      ],
      "generation": 0,
      "parents": [
       "skylake"
      ]
     }
    },
    "compiler": {
     "name": "pgi",
     "version": "19.9"
    },
    "namespace": "builtin",
    "parameters": {
     "aec": false,
     "build_type": "RelWithDebInfo",
     "examples": true,
     "fortran": false,
     "jp2k": "openjpeg",
     "netcdf": false,
     "numpy": false,
     "openmp": false,
     "patches": [
      "9abcf53ee1b8844f2aa5ff360b83f9548752b25b0357c94ddc4ae56f84d27978",
      "caa4c2f2ac4a13a61c3372cd64f2f6f6570c78ed2ab91497a76b02c584abe1bc"
     ],
     "png": false,
     "pthreads": false,
     "python": false,
     "test": true,
     "cflags": [],
     "cppflags": [],
     "cxxflags": [],
     "fflags": [],
     "ldflags": [],
     "ldlibs": []
    },
    "patches": [
     "9abcf53ee1b8844f2aa5ff360b83f9548752b25b0357c94ddc4ae56f84d27978",
     "caa4c2f2ac4a13a61c3372cd64f2f6f6570c78ed2ab91497a76b02c584abe1bc"
    ],
    "dependencies": {
     "cmake": {
      "hash": "7ilsterojruem4u3dq2vpcyw5vx74pb5",
      "type": [
       "build"
      ]
     },
     "openjpeg": {
      "hash": "5yvs23piqwlj3ry4rwcnxeovzx47vvr6",
      "type": [
       "build",
       "link"
      ]
     }
    },
    "hash": "yror5bge57nnpzjqxkb6rfxlece3d3yh"
   }
  },
  "e25gf4mu2rrseob7fsqivj3zjguqzfz2": {
   "serialbox": {
    "version": "2.5.4",
    "arch": {
     "platform": "linux",
     "platform_os": "rhel7",
     "target": {
      "name": "skylake_avx512",
      "vendor": "GenuineIntel",
      "features": [
       "adx",
       "aes",
       "avx",
       "avx2",
       "avx512bw",
       "avx512cd",
       "avx512dq",
       "avx512f",
       "avx512vl",
       "bmi1",
       "bmi2",
       "clflushopt",
       "clwb",
       "f16c",
       "fma",
       "mmx",
       "movbe",
       "pclmulqdq",
       "popcnt",
       "rdrand",
       "rdseed",
       "sse",
       "sse2",
       "sse4_1",
       "sse4_2",
       "ssse3",
       "xsavec",
       "xsaveopt"
      ],
      "generation": 0,
      "parents": [
       "skylake"
      ]
     }
    },
    "compiler": {
     "name": "gcc",
     "version": "8.3.0"
    },
    "namespace": "mch",
    "parameters": {
     "build_type": "RelWithDebInfo",
     "cflags": [],
     "cppflags": [],
     "cxxflags": [],
     "fflags": [],
     "ldflags": [],
     "ldlibs": []
    },
    "dependencies": {
     "boost": {
      "hash": "y5wxnc6njgcxubww6mcb4khmeqwoeptw",
      "type": [
       "build",
       "link"
      ]
     },
     "cmake": {
      "hash": "cqqgrrm3r25rqsjroe66z7f7apkkt2pp",
      "type": [
       "build"
      ]
     }
    },
    "hash": "uou4b5jgsild433tt62mp3nkhoynfn4b"
   }
  },
  "fd7i2dhi3fhrjuyh6qyo75lyjr4poyxq": {
   "cmake": {
    "version": "3.14.5",
    "arch": {
     "platform": "linux",
     "platform_os": "rhel7",
     "target": {
      "name": "skylake_avx512",
      "vendor": "GenuineIntel",
      "features": [
       "adx",
       "aes",
       "avx",
       "avx2",
       "avx512bw",
       "avx512cd",
       "avx512dq",
       "avx512f",
       "avx512vl",
       "bmi1",
       "bmi2",
       "clflushopt",
       "clwb",
       "f16c",
       "fma",
       "mmx",
       "movbe",
       "pclmulqdq",
       "popcnt",
       "rdrand",
       "rdseed",
       "sse",
       "sse2",
       "sse4_1",
       "sse4_2",
       "ssse3",
       "xsavec",
       "xsaveopt"
      ],
      "generation": 0,
      "parents": [
       "skylake"
      ]
     }
    },
    "compiler": {
     "name": "pgi",
     "version": "19.9-gcc"
    },
    "namespace": "builtin",
    "parameters": {
     "doc": false,
     "ncurses": true,
     "openssl": true,
     "ownlibs": true,
     "qt": false,
     "cflags": [],
     "cppflags": [],
     "cxxflags": [],
     "fflags": [],
     "ldflags": [],
     "ldlibs": []
    },
    "external": {
     "path": "/apps/arolla/UES/jenkins/RH7.6/generic/easybuild/software/CMake/3.14.5",
     "module": "cmake/3.14.5"
    },
    "hash": "fd7i2dhi3fhrjuyh6qyo75lyjr4poyxq"
   }
  }
 },
 "_meta": {
  "lockfile-version": 2,
  "file-type": "spack-lockfile"
 },
 "roots": [
  {
   "hash": "etim725gzp2fysreudxavx3q7i525q2b",
   "spec": "libgrib1"
  },
  {
   "hash": "wb57smmuwhdlxk3lx2ghwtlaj32mc3hp",
   "spec": "jasper"
  },
  {
   "hash": "njllf3afarc3f3khcy3ienpqxspk4zt3",
   "spec": "ncurses"
  },
  {
   "hash": "njllf3afarc3f3khcy3ienpqxspk4zt3",
   "spec": "ncurses%gcc"
  },
  {
   "hash": "7ilsterojruem4u3dq2vpcyw5vx74pb5",
   "spec": "cmake%cce"
  },
  {
   "hash": "e25gf4mu2rrseob7fsqivj3zjguqzfz2",
   "spec": "serialbox"
  },
  {
   "hash": "hj2vxekbcvvias3gh6vicksqnq4goyws",
   "spec": "openmpi"
  },
  {
   "hash": "hj2vxekbcvvias3gh6vicksqnq4goyws",
   "spec": "openmpi%gcc"
  },
  {
   "hash": "hwqfybieruv6b7oi43j64gaggfsi5ua2",
   "spec": "grib-api@1.20.0.2"
  },
  {
   "hash": "lptrkl3qeyyzqczfkv2zsxbczlc6hs72",
   "spec": "serialbox%pgi"
  },
  {
   "hash": "7ilsterojruem4u3dq2vpcyw5vx74pb5",
   "spec": "cmake%pgi"
  },
  {
   "hash": "pvh6hnlv2664p2cpiiytbxgbcvqfr6bt",
   "spec": "libgrib1%gcc"
  },
  {
   "hash": "ixhwolceri3spkpzseihrve5hozgf55k",
   "spec": "libgrib1%gcc@6.1"
  },
  {
   "hash": "etim725gzp2fysreudxavx3q7i525q2b",
   "spec": "libgrib1%pgi"
  }
 ]
}